
Microsoft Visual Studio Solution File, Format Version 12.00
# Visual Studio Version 16
VisualStudioVersion = 16.0.30523.141
MinimumVisualStudioVersion = 10.0.40219.1
Project("{2150E333-8FDC-42A3-9474-1A3956D46DE8}") = "A1_StacksAndQueues", "A1_StacksAndQueues", "{1A43F84C-FADE-4EA3-8572-DA59734B2A1E}"
EndProject
Project("{2150E333-8FDC-42A3-9474-1A3956D46DE8}") = "A2_MultidimentionalArrays", "A2_MultidimentionalArrays", "{D1517888-1196-4378-B294-976CBD8DF7F2}"
EndProject
Project("{2150E333-8FDC-42A3-9474-1A3956D46DE8}") = "A3_SetsAndDictionaries", "A3_SetsAndDictionaries", "{000E903D-89E4-46B8-ADC5-7E1A5EEAF1A8}"
EndProject
Project("{2150E333-8FDC-42A3-9474-1A3956D46DE8}") = "A4_StreamsFilesAndDirectories", "A4_StreamsFilesAndDirectories", "{8CA42B39-2910-405D-BE0C-2A87E8CBE5DE}"
EndProject
Project("{2150E333-8FDC-42A3-9474-1A3956D46DE8}") = "A5_FunctionalProgramming", "A5_FunctionalProgramming", "{127C9BCA-32CD-4802-8DA9-30C7BED205BC}"
EndProject
Project("{2150E333-8FDC-42A3-9474-1A3956D46DE8}") = "A6_DefiningClasses", "A6_DefiningClasses", "{896668AE-2660-4022-9F4F-33255F549A95}"
EndProject
Project("{2150E333-8FDC-42A3-9474-1A3956D46DE8}") = "A7_Generics", "A7_Generics", "{DAE739A5-4113-46D1-B59F-3E711FFF2EED}"
EndProject
Project("{2150E333-8FDC-42A3-9474-1A3956D46DE8}") = "A8_IteratorsAndComparators", "A8_IteratorsAndComparators", "{24576D94-E2B4-43F2-A938-7893AA124C2F}"
EndProject
Project("{9A19103F-16F7-4668-BE54-9A1E7A4F7556}") = "E1_1_BasicStackOperations", "A1_StacksAndQueues\E1_1_BasicStackOperations\E1_1_BasicStackOperations.csproj", "{C1C43FE7-1DEE-40E7-B9F7-D42A05C8F159}"
EndProject
Project("{9A19103F-16F7-4668-BE54-9A1E7A4F7556}") = "E1_2_BasicQueueOperations", "A1_StacksAndQueues\E1_2_BasicQueueOperations\E1_2_BasicQueueOperations.csproj", "{A1BB0A08-BF68-4696-AD7B-908601757D17}"
EndProject
Project("{9A19103F-16F7-4668-BE54-9A1E7A4F7556}") = "E1_3_MaximumAndMinimumElement", "A1_StacksAndQueues\E1_3_MaximumAndMinimumElement\E1_3_MaximumAndMinimumElement.csproj", "{51A6CC04-E6CB-4A14-AF02-445B92667BAF}"
EndProject
Project("{9A19103F-16F7-4668-BE54-9A1E7A4F7556}") = "E1_4_FastFood", "A1_StacksAndQueues\E1_4_FastFood\E1_4_FastFood.csproj", "{725BD830-0D0E-4669-BB61-5E60E7B4CD61}"
EndProject
Project("{9A19103F-16F7-4668-BE54-9A1E7A4F7556}") = "E1_5_FashionBoutique", "A1_StacksAndQueues\E1_5_FashionBoutique\E1_5_FashionBoutique.csproj", "{DB29684B-734A-434A-A446-230D8DF05A1F}"
EndProject
Project("{9A19103F-16F7-4668-BE54-9A1E7A4F7556}") = "E1_6_SongsQueue", "A1_StacksAndQueues\E1_6_SongsQueue\E1_6_SongsQueue.csproj", "{FEC77E66-E67A-474B-A138-ECFFB2ABEA18}"
EndProject
Project("{9A19103F-16F7-4668-BE54-9A1E7A4F7556}") = "E1_7_TruckTour", "A1_StacksAndQueues\E1_7_TruckTour\E1_7_TruckTour.csproj", "{264CDF8B-124E-48D4-AC3D-8C8002C92F6E}"
EndProject
Project("{9A19103F-16F7-4668-BE54-9A1E7A4F7556}") = "E1_8_BalancedParenthesis", "A1_StacksAndQueues\E1_8_BalancedParenthesis\E1_8_BalancedParenthesis.csproj", "{DE2EE6F6-FB07-43AC-8CF7-2A2BA934F6D2}"
EndProject
Project("{9A19103F-16F7-4668-BE54-9A1E7A4F7556}") = "E1_9_SimpleTextEditor", "A1_StacksAndQueues\E1_9_SimpleTextEditor\E1_9_SimpleTextEditor.csproj", "{259BF0E7-3B6C-4F34-88C0-E359C311C815}"
EndProject
Project("{9A19103F-16F7-4668-BE54-9A1E7A4F7556}") = "E1_10_Crossroads", "A1_StacksAndQueues\E1_10_Crossroads\E1_10_Crossroads.csproj", "{65CF222D-A14F-413B-A7CD-93AAB072C9F9}"
EndProject
Project("{9A19103F-16F7-4668-BE54-9A1E7A4F7556}") = "E1_11_KeyRevolver", "A1_StacksAndQueues\E1_11_KeyRevolver\E1_11_KeyRevolver.csproj", "{75EF0B3D-D99A-4B9F-BBB8-EF2EF776B903}"
EndProject
Project("{9A19103F-16F7-4668-BE54-9A1E7A4F7556}") = "E1_12_CupsAndBottles", "A1_StacksAndQueues\E1_12_CupsAndBottles\E1_12_CupsAndBottles.csproj", "{8FBFC5B6-779C-42D1-AF5C-94ACB2C259D9}"
EndProject
Project("{9A19103F-16F7-4668-BE54-9A1E7A4F7556}") = "L1_1_ReverseStrings", "A1_StacksAndQueues\L1_1_ReverseStrings\L1_1_ReverseStrings.csproj", "{6A2F062D-A7EC-49D0-9C52-FF633280374F}"
EndProject
Project("{9A19103F-16F7-4668-BE54-9A1E7A4F7556}") = "L1_2_StackSum", "A1_StacksAndQueues\L1_2_StackSum\L1_2_StackSum.csproj", "{CCC5F283-19BB-45F1-A51A-15927CB674B1}"
EndProject
Project("{9A19103F-16F7-4668-BE54-9A1E7A4F7556}") = "L1_3_SimpleCalculator", "A1_StacksAndQueues\L1_3_SimpleCalculator\L1_3_SimpleCalculator.csproj", "{3191F980-8777-4CBA-BFB4-C477EBD221D7}"
EndProject
Project("{9A19103F-16F7-4668-BE54-9A1E7A4F7556}") = "L1_4_MatchingBrackets", "A1_StacksAndQueues\L1_4_MatchingBrackets\L1_4_MatchingBrackets.csproj", "{2559565B-7ABF-487B-AF5D-E43BABD8948D}"
EndProject
Project("{9A19103F-16F7-4668-BE54-9A1E7A4F7556}") = "L1_5_PrintEvenNumbers", "A1_StacksAndQueues\L1_5_PrintEvenNumbers\L1_5_PrintEvenNumbers.csproj", "{1B44E292-1FE6-4F9D-BCC1-B1FA7EFB8A00}"
EndProject
Project("{9A19103F-16F7-4668-BE54-9A1E7A4F7556}") = "L1_6_Supermarket", "A1_StacksAndQueues\L1_6_Supermarket\L1_6_Supermarket.csproj", "{93D924E1-4411-44B9-942E-B07718523DFF}"
EndProject
Project("{9A19103F-16F7-4668-BE54-9A1E7A4F7556}") = "L1_7_HotPotato", "A1_StacksAndQueues\L1_7_HotPotato\L1_7_HotPotato.csproj", "{FB093E43-C689-4492-93B1-C0A3E928CA47}"
EndProject
Project("{9A19103F-16F7-4668-BE54-9A1E7A4F7556}") = "L1_8_TrafficJam", "A1_StacksAndQueues\L1_8_TrafficJam\L1_8_TrafficJam.csproj", "{243E617B-65BA-448B-8057-9DD503A8CCB4}"
EndProject
Project("{9A19103F-16F7-4668-BE54-9A1E7A4F7556}") = "E2_1_DiagonalDifference", "A2_MultidimentionalArrays\E2_1_DiagonalDifference\E2_1_DiagonalDifference.csproj", "{BC134FC8-CCE3-4974-B147-982AAD340851}"
EndProject
Project("{9A19103F-16F7-4668-BE54-9A1E7A4F7556}") = "E2_2_SquaresInMatrix", "A2_MultidimentionalArrays\E2_2_SquaresInMatrix\E2_2_SquaresInMatrix.csproj", "{3D59A31C-A20F-4F95-8E8B-28DA6033C685}"
EndProject
Project("{9A19103F-16F7-4668-BE54-9A1E7A4F7556}") = "E2_3_MaximalSum", "A2_MultidimentionalArrays\E2_3_MaximalSum\E2_3_MaximalSum.csproj", "{C5D077C5-A9D3-4750-AA31-5341C16EAFF6}"
EndProject
Project("{9A19103F-16F7-4668-BE54-9A1E7A4F7556}") = "E2_4_MatrixShuffling", "A2_MultidimentionalArrays\E2_4_MatrixShuffling\E2_4_MatrixShuffling.csproj", "{45D2AA6D-D9F9-4E20-AEAF-50B343A17122}"
EndProject
Project("{9A19103F-16F7-4668-BE54-9A1E7A4F7556}") = "E2_5_SnakeMoves", "A2_MultidimentionalArrays\E2_5_SnakeMoves\E2_5_SnakeMoves.csproj", "{5F59740D-9A9E-4C5C-9F81-2CDC554C0F70}"
EndProject
Project("{9A19103F-16F7-4668-BE54-9A1E7A4F7556}") = "E2_6_JaggedArrayManipulator", "A2_MultidimentionalArrays\E2_6_JaggedArrayManipulator\E2_6_JaggedArrayManipulator.csproj", "{3D78B36C-B588-4642-BD60-75649A98D526}"
EndProject
Project("{9A19103F-16F7-4668-BE54-9A1E7A4F7556}") = "E2_7_KnightGame", "A2_MultidimentionalArrays\E2_7_KnightGame\E2_7_KnightGame.csproj", "{8941C1A7-F7E8-44BB-B2CE-D8F52F21CE3D}"
EndProject
Project("{9A19103F-16F7-4668-BE54-9A1E7A4F7556}") = "E2_8_Bombs", "A2_MultidimentionalArrays\E2_8_Bombs\E2_8_Bombs.csproj", "{2B5FBBED-5561-4EA5-B8FE-9B786938895E}"
EndProject
Project("{9A19103F-16F7-4668-BE54-9A1E7A4F7556}") = "E2_9_Miner", "A2_MultidimentionalArrays\E2_9_Miner\E2_9_Miner.csproj", "{EAA733AA-7076-492C-A1D0-77BBE7FDF70D}"
EndProject
Project("{9A19103F-16F7-4668-BE54-9A1E7A4F7556}") = "E2_10_RadioactiveMutantVampireBunnies", "A2_MultidimentionalArrays\E2_10_RadioactiveMutantVampireBunnies\E2_10_RadioactiveMutantVampireBunnies.csproj", "{33D60FD3-6240-4329-9FE6-6BBE509D2E8F}"
EndProject
Project("{9A19103F-16F7-4668-BE54-9A1E7A4F7556}") = "L2_1_SumMatrixElements", "A2_MultidimentionalArrays\L2_1_SumMatrixElements\L2_1_SumMatrixElements.csproj", "{612AB397-6522-481D-8C05-05EDFA0CD1EB}"
EndProject
Project("{9A19103F-16F7-4668-BE54-9A1E7A4F7556}") = "L2_2_SumMatrixColumns", "A2_MultidimentionalArrays\L2_2_SumMatrixColumns\L2_2_SumMatrixColumns.csproj", "{BE99475A-1E51-4703-8E73-3BC072183509}"
EndProject
Project("{9A19103F-16F7-4668-BE54-9A1E7A4F7556}") = "L2_3_PrimaryDiagonal", "A2_MultidimentionalArrays\L2_3_PrimaryDiagonal\L2_3_PrimaryDiagonal.csproj", "{F50F92FE-B453-4CA0-A9B1-D13E66CA7507}"
EndProject
Project("{9A19103F-16F7-4668-BE54-9A1E7A4F7556}") = "L2_4_SymbolInMatrix", "A2_MultidimentionalArrays\L2_4_SymbolInMatrix\L2_4_SymbolInMatrix.csproj", "{3979471B-BBF9-48F8-AEBF-9D34935BC5E7}"
EndProject
Project("{9A19103F-16F7-4668-BE54-9A1E7A4F7556}") = "L2_5_SquareWithMaximumSum", "A2_MultidimentionalArrays\L2_5_SquareWithMaximumSum\L2_5_SquareWithMaximumSum.csproj", "{EC515585-D501-48F1-9B45-24B0DE91765B}"
EndProject
Project("{9A19103F-16F7-4668-BE54-9A1E7A4F7556}") = "L2_6_JaggedArrayModification", "A2_MultidimentionalArrays\L2_6_JaggedArrayModification\L2_6_JaggedArrayModification.csproj", "{5FECEDF6-7DD7-4ECF-92D8-DB85BBB367BB}"
EndProject
Project("{9A19103F-16F7-4668-BE54-9A1E7A4F7556}") = "L2_7_PascalTriangle", "A2_MultidimentionalArrays\L2_7_PascalTriangle\L2_7_PascalTriangle.csproj", "{BDCDBA57-647C-412F-9D1D-0362FD1CD41A}"
EndProject
Project("{9A19103F-16F7-4668-BE54-9A1E7A4F7556}") = "E3_1_UniqueUsernames", "A3_SetsAndDictionaries\E3_1_UniqueUsernames\E3_1_UniqueUsernames.csproj", "{116F3D31-4E22-44C6-83BD-A4CF56A31563}"
EndProject
Project("{9A19103F-16F7-4668-BE54-9A1E7A4F7556}") = "E3_2_SetsOfElements", "A3_SetsAndDictionaries\E3_2_SetsOfElements\E3_2_SetsOfElements.csproj", "{0FBCDDE2-21EC-4C5B-A843-CFAB3FFDB738}"
EndProject
Project("{9A19103F-16F7-4668-BE54-9A1E7A4F7556}") = "E3_3_PeriodicTable", "A3_SetsAndDictionaries\E3_3_PeriodicTable\E3_3_PeriodicTable.csproj", "{D39A22D0-8DD4-480B-9849-2CEBA1714A7A}"
EndProject
Project("{9A19103F-16F7-4668-BE54-9A1E7A4F7556}") = "E3_4_EvenTimes", "A3_SetsAndDictionaries\E3_4_EvenTimes\E3_4_EvenTimes.csproj", "{DAF990BB-FE5B-48C7-A65B-4485E77F9F49}"
EndProject
Project("{9A19103F-16F7-4668-BE54-9A1E7A4F7556}") = "E3_5_CountSymbols", "A3_SetsAndDictionaries\E3_5_CountSymbols\E3_5_CountSymbols.csproj", "{808A6C9C-BA64-4D64-9CE6-12035EB6D0F5}"
EndProject
Project("{9A19103F-16F7-4668-BE54-9A1E7A4F7556}") = "E3_6_Wardrobe", "A3_SetsAndDictionaries\E3_6_Wardrobe\E3_6_Wardrobe.csproj", "{2F0845D2-2414-4C77-B916-4888C086DC9D}"
EndProject
Project("{9A19103F-16F7-4668-BE54-9A1E7A4F7556}") = "E3_7_TheVLogger", "A3_SetsAndDictionaries\E3_7_TheVLogger\E3_7_TheVLogger.csproj", "{908009F5-FCB0-42CA-B095-0A616BB65589}"
EndProject
Project("{9A19103F-16F7-4668-BE54-9A1E7A4F7556}") = "E3_8_Ranking", "A3_SetsAndDictionaries\E3_8_Ranking\E3_8_Ranking.csproj", "{695AE1DC-6CA9-49C6-AAC1-656FD7FB62B5}"
EndProject
Project("{9A19103F-16F7-4668-BE54-9A1E7A4F7556}") = "L3_1_CountSameValuesInArray", "A3_SetsAndDictionaries\L3_1_CountSameValuesInArray\L3_1_CountSameValuesInArray.csproj", "{8F3D2DAD-76C4-41F5-BE1F-FEC23D40DFDA}"
EndProject
Project("{9A19103F-16F7-4668-BE54-9A1E7A4F7556}") = "L3_2_AverageStudentGrades", "A3_SetsAndDictionaries\L3_2_AverageStudentGrades\L3_2_AverageStudentGrades.csproj", "{A86C7E43-F3B1-4DC5-947F-6AB2587203C3}"
EndProject
Project("{9A19103F-16F7-4668-BE54-9A1E7A4F7556}") = "L3_3_ProductShop", "A3_SetsAndDictionaries\L3_3_ProductShop\L3_3_ProductShop.csproj", "{B534FA72-6E93-4B51-8AE4-1EC67D4F8A68}"
EndProject
Project("{9A19103F-16F7-4668-BE54-9A1E7A4F7556}") = "L3_4_CitiesByContinentAndCountry", "A3_SetsAndDictionaries\L3_4_CitiesByContinentAndCountry\L3_4_CitiesByContinentAndCountry.csproj", "{F7BF8BD6-F3E1-47BF-9FF9-56AE8E66B961}"
EndProject
Project("{9A19103F-16F7-4668-BE54-9A1E7A4F7556}") = "L3_5_RecordUniqueNames", "A3_SetsAndDictionaries\L3_5_RecordUniqueNames\L3_5_RecordUniqueNames.csproj", "{3100EBDB-7976-4333-AEB8-73EF4FAEA7F8}"
EndProject
Project("{9A19103F-16F7-4668-BE54-9A1E7A4F7556}") = "L3_6_ParkingLot", "A3_SetsAndDictionaries\L3_6_ParkingLot\L3_6_ParkingLot.csproj", "{464D123A-1514-4744-9330-BCD4AE03BAF5}"
EndProject
Project("{9A19103F-16F7-4668-BE54-9A1E7A4F7556}") = "L3_7_SoftUniParty", "A3_SetsAndDictionaries\L3_7_SoftUniParty\L3_7_SoftUniParty.csproj", "{6E6763B2-3A5D-4CF2-8995-1CCAA1DA986E}"
EndProject
Project("{9A19103F-16F7-4668-BE54-9A1E7A4F7556}") = "E4_1_EvenLines", "A4_StreamsFilesAndDirectories\E4_1_EvenLines\E4_1_EvenLines.csproj", "{28EAC9DF-04F3-4ACC-BF19-57A97D3DAA4D}"
EndProject
Project("{9A19103F-16F7-4668-BE54-9A1E7A4F7556}") = "E4_2_LineNumbers", "A4_StreamsFilesAndDirectories\E4_2_LineNumbers\E4_2_LineNumbers.csproj", "{D35CE106-9888-47BB-8A64-BC7D3529095A}"
EndProject
Project("{9A19103F-16F7-4668-BE54-9A1E7A4F7556}") = "E4_3_WordCount", "A4_StreamsFilesAndDirectories\E4_3_WordCount\E4_3_WordCount.csproj", "{10216AD6-589E-4FA6-BE87-1B131E739379}"
EndProject
Project("{9A19103F-16F7-4668-BE54-9A1E7A4F7556}") = "E4_4_CopyBinaryFile", "A4_StreamsFilesAndDirectories\E4_4_CopyBinaryFile\E4_4_CopyBinaryFile.csproj", "{6B525E06-3851-4AD6-BB5D-5CC66608B599}"
EndProject
Project("{9A19103F-16F7-4668-BE54-9A1E7A4F7556}") = "E4_5_DirectoryTraversal", "A4_StreamsFilesAndDirectories\E4_5_DirectoryTraversal\E4_5_DirectoryTraversal.csproj", "{128DC2A7-C77D-4535-8BB5-0F32E701529A}"
EndProject
Project("{9A19103F-16F7-4668-BE54-9A1E7A4F7556}") = "E4_6_ZipAndExtract", "A4_StreamsFilesAndDirectories\E4_6_ZipAndExtract\E4_6_ZipAndExtract.csproj", "{3AAEC1ED-66DD-48CF-A302-DC81B7654CA4}"
EndProject
Project("{9A19103F-16F7-4668-BE54-9A1E7A4F7556}") = "L4_1_OddLines", "A4_StreamsFilesAndDirectories\L4_1_OddLines\L4_1_OddLines.csproj", "{B3DBC2A4-3319-4B17-A2CA-E71BD43CDF5B}"
EndProject
Project("{9A19103F-16F7-4668-BE54-9A1E7A4F7556}") = "L4_2_LineNumbers", "A4_StreamsFilesAndDirectories\L4_2_LineNumbers\L4_2_LineNumbers.csproj", "{81F3A330-AE25-49F7-A284-27E289C743AC}"
EndProject
Project("{9A19103F-16F7-4668-BE54-9A1E7A4F7556}") = "L4_3_WordCount", "A4_StreamsFilesAndDirectories\L4_3_WordCount\L4_3_WordCount.csproj", "{E105B492-4625-4E61-B3C7-BC8079D00D05}"
EndProject
Project("{9A19103F-16F7-4668-BE54-9A1E7A4F7556}") = "L4_4_MergeFiles", "A4_StreamsFilesAndDirectories\L4_4_MergeFiles\L4_4_MergeFiles.csproj", "{E849CFCB-F993-400D-BCBB-B5744EC55027}"
EndProject
Project("{9A19103F-16F7-4668-BE54-9A1E7A4F7556}") = "L4_5_SliceAFile", "A4_StreamsFilesAndDirectories\L4_5_SliceAFile\L4_5_SliceAFile.csproj", "{BF19F446-FDBF-448A-A3EE-750190C564CD}"
EndProject
Project("{9A19103F-16F7-4668-BE54-9A1E7A4F7556}") = "L4_6_FolderSize", "A4_StreamsFilesAndDirectories\L4_6_FolderSize\L4_6_FolderSize.csproj", "{250418C9-B417-4D3F-8897-B3006C422E60}"
EndProject
Project("{9A19103F-16F7-4668-BE54-9A1E7A4F7556}") = "E5_1_ActionPoint", "A5_FunctionalProgramming\E5_1_ActionPoint\E5_1_ActionPoint.csproj", "{52FD897E-AA70-43B7-988F-7A34CFFC05C2}"
EndProject
Project("{9A19103F-16F7-4668-BE54-9A1E7A4F7556}") = "E5_2_KnightsOfHonor", "A5_FunctionalProgramming\E5_2_KnightsOfHonor\E5_2_KnightsOfHonor.csproj", "{2D8809FE-E9E1-49E2-B92E-9FB280316BB3}"
EndProject
Project("{9A19103F-16F7-4668-BE54-9A1E7A4F7556}") = "E5_3_CustomMinFunction", "A5_FunctionalProgramming\E5_3_CustomMinFunction\E5_3_CustomMinFunction.csproj", "{4699237C-30BA-48DA-979A-8FCDE4368250}"
EndProject
Project("{9A19103F-16F7-4668-BE54-9A1E7A4F7556}") = "E5_4_FindEvensOrOdds", "A5_FunctionalProgramming\E5_4_FindEvensOrOdds\E5_4_FindEvensOrOdds.csproj", "{4B61C175-522F-49B1-97A7-263DE885C18A}"
EndProject
Project("{9A19103F-16F7-4668-BE54-9A1E7A4F7556}") = "E5_5_AppliedArithmetics", "A5_FunctionalProgramming\E5_5_AppliedArithmetics\E5_5_AppliedArithmetics.csproj", "{F0D20BCB-0CA0-4FBC-8EA8-0220C47F64B6}"
EndProject
Project("{9A19103F-16F7-4668-BE54-9A1E7A4F7556}") = "E5_6_ReverseAndExclude", "A5_FunctionalProgramming\E5_6_ReverseAndExclude\E5_6_ReverseAndExclude.csproj", "{2D95FB22-2805-43AB-8114-B2F7345BBC54}"
EndProject
Project("{9A19103F-16F7-4668-BE54-9A1E7A4F7556}") = "E5_7_PredicateForNames", "A5_FunctionalProgramming\E5_7_PredicateForNames\E5_7_PredicateForNames.csproj", "{A8F51809-5354-4407-8989-5D7974DF25FF}"
EndProject
Project("{9A19103F-16F7-4668-BE54-9A1E7A4F7556}") = "E5_8_CustomComparator", "A5_FunctionalProgramming\E5_8_CustomComparator\E5_8_CustomComparator.csproj", "{2B2B1E85-0920-4DF5-86FA-CA4078D433E6}"
EndProject
Project("{9A19103F-16F7-4668-BE54-9A1E7A4F7556}") = "E5_9_ListOfPredicates", "A5_FunctionalProgramming\E5_9_ListOfPredicates\E5_9_ListOfPredicates.csproj", "{C959E48D-FE68-4047-B881-9AF636A3239B}"
EndProject
Project("{9A19103F-16F7-4668-BE54-9A1E7A4F7556}") = "E5_10_PredicateParty", "A5_FunctionalProgramming\E5_10_PredicateParty\E5_10_PredicateParty.csproj", "{55CCF548-4F94-4183-82A5-4ACAA313F1B1}"
EndProject
Project("{9A19103F-16F7-4668-BE54-9A1E7A4F7556}") = "E5_11_PartyReservationFilterModule", "A5_FunctionalProgramming\E5_11_PartyReservationFilterModule\E5_11_PartyReservationFilterModule.csproj", "{ACA96BE5-BB24-442F-B20A-5E1536139DA2}"
EndProject
Project("{9A19103F-16F7-4668-BE54-9A1E7A4F7556}") = "E5_12_TriFunction", "A5_FunctionalProgramming\E5_12_TriFunction\E5_12_TriFunction.csproj", "{C8F2D21B-452F-4FB2-B874-C5EA2D624E76}"
EndProject
Project("{9A19103F-16F7-4668-BE54-9A1E7A4F7556}") = "L5_1_SortEvenNumbers", "A5_FunctionalProgramming\L5_1_SortEvenNumbers\L5_1_SortEvenNumbers.csproj", "{7F7FE9DB-F6BD-42D3-A439-C25DB0EC4C20}"
EndProject
Project("{9A19103F-16F7-4668-BE54-9A1E7A4F7556}") = "L5_2_SumNumbers", "A5_FunctionalProgramming\L5_2_SumNumbers\L5_2_SumNumbers.csproj", "{D3EE4E3C-761E-4FFF-A611-27CA714ED7FF}"
EndProject
Project("{9A19103F-16F7-4668-BE54-9A1E7A4F7556}") = "L5_3_CountUppercaseWords", "A5_FunctionalProgramming\L5_3_CountUppercaseWords\L5_3_CountUppercaseWords.csproj", "{99633D4F-2347-4165-81F3-B163CEB8642A}"
EndProject
Project("{9A19103F-16F7-4668-BE54-9A1E7A4F7556}") = "L5_4_AddVAT", "A5_FunctionalProgramming\L5_4_AddVAT\L5_4_AddVAT.csproj", "{FCB07A65-2E5F-4041-B6A9-C3FE9D52EA77}"
EndProject
Project("{9A19103F-16F7-4668-BE54-9A1E7A4F7556}") = "L5_5_FilterByAge", "A5_FunctionalProgramming\L5_5_FilterByAge\L5_5_FilterByAge.csproj", "{2F9F3CFF-0991-4F60-9615-1365C05CADB0}"
EndProject
Project("{9A19103F-16F7-4668-BE54-9A1E7A4F7556}") = "E6_1to4_People", "A6_DefiningClasses\E6_1to4_People\E6_1to4_People.csproj", "{36ADE11B-BF40-43E4-A331-DB056F538CC0}"
EndProject
Project("{9A19103F-16F7-4668-BE54-9A1E7A4F7556}") = "E6_5_DateModifier", "A6_DefiningClasses\E6_5_DateModifier\E6_5_DateModifier.csproj", "{9DE39240-5B1A-425D-9316-E12E6A073AF4}"
EndProject
Project("{9A19103F-16F7-4668-BE54-9A1E7A4F7556}") = "E6_6_SpeedRacing", "A6_DefiningClasses\E6_6_SpeedRacing\E6_6_SpeedRacing.csproj", "{FF806E71-A6AD-4A78-8F32-4AE121CFCD38}"
EndProject
Project("{9A19103F-16F7-4668-BE54-9A1E7A4F7556}") = "E6_7_RawData", "A6_DefiningClasses\E6_7_RawData\E6_7_RawData.csproj", "{54F0B0B8-7F74-4ACD-A23A-DE747D82AC4E}"
EndProject
Project("{9A19103F-16F7-4668-BE54-9A1E7A4F7556}") = "E6_8_CarSalesMan", "A6_DefiningClasses\E6_8_CarSalesMan\E6_8_CarSalesMan.csproj", "{5CCD17D8-5593-4C6C-8332-8A253AB5CDF1}"
EndProject
Project("{9A19103F-16F7-4668-BE54-9A1E7A4F7556}") = "E6_9_PokemonTrainer", "A6_DefiningClasses\E6_9_PokemonTrainer\E6_9_PokemonTrainer.csproj", "{E6112E52-A9E1-4790-8B75-1AE9C3425235}"
EndProject
Project("{9A19103F-16F7-4668-BE54-9A1E7A4F7556}") = "E6_10_SoftUniParking", "A6_DefiningClasses\E6_10_SoftUniParking\E6_10_SoftUniParking.csproj", "{248103E4-722C-4DBD-B980-7E8AA047205F}"
EndProject
Project("{9A19103F-16F7-4668-BE54-9A1E7A4F7556}") = "L6_CarManufacturer_Refactored", "A6_DefiningClasses\L6_CarManufacturer_Refactored\L6_CarManufacturer_Refactored.csproj", "{7B05E7D7-1E55-4834-8483-797443E5B98C}"
EndProject
Project("{9A19103F-16F7-4668-BE54-9A1E7A4F7556}") = "E7_1and2_GenericBox", "A7_Generics\E7_1and2_GenericBox\E7_1and2_GenericBox.csproj", "{C0CA2ADC-10EB-4FB5-BA36-92D6D2DB673D}"
EndProject
Project("{9A19103F-16F7-4668-BE54-9A1E7A4F7556}") = "E7_3and4_GenericSwapMethod", "A7_Generics\E7_3and4_GenericSwapMethod\E7_3and4_GenericSwapMethod.csproj", "{4F6C8D11-3824-440E-80D5-8153614DA2D6}"
EndProject
Project("{9A19103F-16F7-4668-BE54-9A1E7A4F7556}") = "E7_5and6_GenericCountMethod", "A7_Generics\E7_5and6_GenericCountMethod\E7_5and6_GenericCountMethod.csproj", "{2653B0A9-48EB-40C0-8F19-54792847305D}"
EndProject
Project("{9A19103F-16F7-4668-BE54-9A1E7A4F7556}") = "E7_7_Tuple", "A7_Generics\E7_7_Tuple\E7_7_Tuple.csproj", "{9105DB1D-558E-4889-A1ED-E0622E6AFD5F}"
EndProject
Project("{9A19103F-16F7-4668-BE54-9A1E7A4F7556}") = "E7_8_Threeuple", "A7_Generics\E7_8_Threeuple\E7_8_Threeuple.csproj", "{0302F5F7-8F73-4B58-B0DA-43E5BE082508}"
EndProject
Project("{9A19103F-16F7-4668-BE54-9A1E7A4F7556}") = "L7_1_BoxOfT", "A7_Generics\L7_1_BoxOfT\L7_1_BoxOfT.csproj", "{9102318E-E82F-47A1-A328-5D1A998C6F4C}"
EndProject
Project("{9A19103F-16F7-4668-BE54-9A1E7A4F7556}") = "L7_2_GenericArrayCreator", "A7_Generics\L7_2_GenericArrayCreator\L7_2_GenericArrayCreator.csproj", "{47D21D7A-1E82-4164-8307-21E4A5E7EEEA}"
EndProject
Project("{9A19103F-16F7-4668-BE54-9A1E7A4F7556}") = "L7_3_GenericScale", "A7_Generics\L7_3_GenericScale\L7_3_GenericScale.csproj", "{81977619-99E4-435D-A11D-005E6A93C6B5}"
EndProject
Project("{9A19103F-16F7-4668-BE54-9A1E7A4F7556}") = "E8_1_ListyIterator", "A8_IteratorsAndComparators\E8_1_ListyIterator\E8_1_ListyIterator.csproj", "{57918556-EFFD-4C0C-86E7-E583701C92D5}"
EndProject
Project("{9A19103F-16F7-4668-BE54-9A1E7A4F7556}") = "E8_2_Collection", "A8_IteratorsAndComparators\E8_2_Collection\E8_2_Collection.csproj", "{A8C9FD7A-9F23-4B64-A3C9-0B546E77DF8E}"
EndProject
Project("{9A19103F-16F7-4668-BE54-9A1E7A4F7556}") = "E8_3_Stack", "A8_IteratorsAndComparators\E8_3_Stack\E8_3_Stack.csproj", "{15959AE8-7054-4EA6-9DBC-1C991CBDA84D}"
EndProject
Project("{9A19103F-16F7-4668-BE54-9A1E7A4F7556}") = "E8_4_Froggy", "A8_IteratorsAndComparators\E8_4_Froggy\E8_4_Froggy.csproj", "{EA7B87B5-0216-4F27-BAD9-A93BCF8DD4B2}"
EndProject
Project("{9A19103F-16F7-4668-BE54-9A1E7A4F7556}") = "E8_5_ComparingObjects", "A8_IteratorsAndComparators\E8_5_ComparingObjects\E8_5_ComparingObjects.csproj", "{40051CE4-C657-415C-8F32-30D0BA0489D7}"
EndProject
Project("{9A19103F-16F7-4668-BE54-9A1E7A4F7556}") = "E8_6_EqualityLogic", "A8_IteratorsAndComparators\E8_6_EqualityLogic\E8_6_EqualityLogic.csproj", "{F1F803D4-64B2-4B4B-9338-7537D36119EB}"
EndProject
Project("{2150E333-8FDC-42A3-9474-1A3956D46DE8}") = "OOP1_Inheritance", "OOP1_Inheritance", "{821E9D2D-9717-4C8A-BC28-73A86FA26EA8}"
EndProject
Project("{9A19103F-16F7-4668-BE54-9A1E7A4F7556}") = "L1_1_SingleInheritance", "OOP1_Inheritance\L1_1_SingleInheritance\L1_1_SingleInheritance.csproj", "{33D1FA5F-2621-4376-9BD4-27A566C38B23}"
EndProject
Project("{9A19103F-16F7-4668-BE54-9A1E7A4F7556}") = "L1_2_MultipleInheritance", "OOP1_Inheritance\L1_2_MultipleInheritance\L1_2_MultipleInheritance.csproj", "{5E91B3B3-2D75-4053-B4E8-A93F1AA53196}"
EndProject
Project("{9A19103F-16F7-4668-BE54-9A1E7A4F7556}") = "L1_3_HierarchicalInheritance", "OOP1_Inheritance\L1_3_HierarchicalInheritance\L1_3_HierarchicalInheritance.csproj", "{3C071F9F-62C1-4CBF-9963-DA1D8DAB5F7A}"
EndProject
Project("{9A19103F-16F7-4668-BE54-9A1E7A4F7556}") = "L1_4_RandomList", "OOP1_Inheritance\L1_4_RandomList\L1_4_RandomList.csproj", "{AC4A2A5D-CC6E-4AF0-9A2D-93C4231D9785}"
EndProject
Project("{9A19103F-16F7-4668-BE54-9A1E7A4F7556}") = "L1_5_StackOfStrings", "OOP1_Inheritance\L1_5_StackOfStrings\L1_5_StackOfStrings.csproj", "{98C76C76-D63B-4C3E-9192-E3531AAC045E}"
EndProject
Project("{2150E333-8FDC-42A3-9474-1A3956D46DE8}") = "Solution Items", "Solution Items", "{7FF9BBA3-6F26-42EF-8836-7FF18A0C66E3}"
	ProjectSection(SolutionItems) = preProject
		TextFile1.txt = TextFile1.txt
	EndProjectSection
EndProject
Global
	GlobalSection(SolutionConfigurationPlatforms) = preSolution
		Debug|Any CPU = Debug|Any CPU
		Release|Any CPU = Release|Any CPU
	EndGlobalSection
	GlobalSection(ProjectConfigurationPlatforms) = postSolution
		{C1C43FE7-1DEE-40E7-B9F7-D42A05C8F159}.Debug|Any CPU.ActiveCfg = Debug|Any CPU
		{C1C43FE7-1DEE-40E7-B9F7-D42A05C8F159}.Debug|Any CPU.Build.0 = Debug|Any CPU
		{C1C43FE7-1DEE-40E7-B9F7-D42A05C8F159}.Release|Any CPU.ActiveCfg = Release|Any CPU
		{C1C43FE7-1DEE-40E7-B9F7-D42A05C8F159}.Release|Any CPU.Build.0 = Release|Any CPU
		{A1BB0A08-BF68-4696-AD7B-908601757D17}.Debug|Any CPU.ActiveCfg = Debug|Any CPU
		{A1BB0A08-BF68-4696-AD7B-908601757D17}.Debug|Any CPU.Build.0 = Debug|Any CPU
		{A1BB0A08-BF68-4696-AD7B-908601757D17}.Release|Any CPU.ActiveCfg = Release|Any CPU
		{A1BB0A08-BF68-4696-AD7B-908601757D17}.Release|Any CPU.Build.0 = Release|Any CPU
		{51A6CC04-E6CB-4A14-AF02-445B92667BAF}.Debug|Any CPU.ActiveCfg = Debug|Any CPU
		{51A6CC04-E6CB-4A14-AF02-445B92667BAF}.Debug|Any CPU.Build.0 = Debug|Any CPU
		{51A6CC04-E6CB-4A14-AF02-445B92667BAF}.Release|Any CPU.ActiveCfg = Release|Any CPU
		{51A6CC04-E6CB-4A14-AF02-445B92667BAF}.Release|Any CPU.Build.0 = Release|Any CPU
		{725BD830-0D0E-4669-BB61-5E60E7B4CD61}.Debug|Any CPU.ActiveCfg = Debug|Any CPU
		{725BD830-0D0E-4669-BB61-5E60E7B4CD61}.Debug|Any CPU.Build.0 = Debug|Any CPU
		{725BD830-0D0E-4669-BB61-5E60E7B4CD61}.Release|Any CPU.ActiveCfg = Release|Any CPU
		{725BD830-0D0E-4669-BB61-5E60E7B4CD61}.Release|Any CPU.Build.0 = Release|Any CPU
		{DB29684B-734A-434A-A446-230D8DF05A1F}.Debug|Any CPU.ActiveCfg = Debug|Any CPU
		{DB29684B-734A-434A-A446-230D8DF05A1F}.Debug|Any CPU.Build.0 = Debug|Any CPU
		{DB29684B-734A-434A-A446-230D8DF05A1F}.Release|Any CPU.ActiveCfg = Release|Any CPU
		{DB29684B-734A-434A-A446-230D8DF05A1F}.Release|Any CPU.Build.0 = Release|Any CPU
		{FEC77E66-E67A-474B-A138-ECFFB2ABEA18}.Debug|Any CPU.ActiveCfg = Debug|Any CPU
		{FEC77E66-E67A-474B-A138-ECFFB2ABEA18}.Debug|Any CPU.Build.0 = Debug|Any CPU
		{FEC77E66-E67A-474B-A138-ECFFB2ABEA18}.Release|Any CPU.ActiveCfg = Release|Any CPU
		{FEC77E66-E67A-474B-A138-ECFFB2ABEA18}.Release|Any CPU.Build.0 = Release|Any CPU
		{264CDF8B-124E-48D4-AC3D-8C8002C92F6E}.Debug|Any CPU.ActiveCfg = Debug|Any CPU
		{264CDF8B-124E-48D4-AC3D-8C8002C92F6E}.Debug|Any CPU.Build.0 = Debug|Any CPU
		{264CDF8B-124E-48D4-AC3D-8C8002C92F6E}.Release|Any CPU.ActiveCfg = Release|Any CPU
		{264CDF8B-124E-48D4-AC3D-8C8002C92F6E}.Release|Any CPU.Build.0 = Release|Any CPU
		{DE2EE6F6-FB07-43AC-8CF7-2A2BA934F6D2}.Debug|Any CPU.ActiveCfg = Debug|Any CPU
		{DE2EE6F6-FB07-43AC-8CF7-2A2BA934F6D2}.Debug|Any CPU.Build.0 = Debug|Any CPU
		{DE2EE6F6-FB07-43AC-8CF7-2A2BA934F6D2}.Release|Any CPU.ActiveCfg = Release|Any CPU
		{DE2EE6F6-FB07-43AC-8CF7-2A2BA934F6D2}.Release|Any CPU.Build.0 = Release|Any CPU
		{259BF0E7-3B6C-4F34-88C0-E359C311C815}.Debug|Any CPU.ActiveCfg = Debug|Any CPU
		{259BF0E7-3B6C-4F34-88C0-E359C311C815}.Debug|Any CPU.Build.0 = Debug|Any CPU
		{259BF0E7-3B6C-4F34-88C0-E359C311C815}.Release|Any CPU.ActiveCfg = Release|Any CPU
		{259BF0E7-3B6C-4F34-88C0-E359C311C815}.Release|Any CPU.Build.0 = Release|Any CPU
		{65CF222D-A14F-413B-A7CD-93AAB072C9F9}.Debug|Any CPU.ActiveCfg = Debug|Any CPU
		{65CF222D-A14F-413B-A7CD-93AAB072C9F9}.Debug|Any CPU.Build.0 = Debug|Any CPU
		{65CF222D-A14F-413B-A7CD-93AAB072C9F9}.Release|Any CPU.ActiveCfg = Release|Any CPU
		{65CF222D-A14F-413B-A7CD-93AAB072C9F9}.Release|Any CPU.Build.0 = Release|Any CPU
		{75EF0B3D-D99A-4B9F-BBB8-EF2EF776B903}.Debug|Any CPU.ActiveCfg = Debug|Any CPU
		{75EF0B3D-D99A-4B9F-BBB8-EF2EF776B903}.Debug|Any CPU.Build.0 = Debug|Any CPU
		{75EF0B3D-D99A-4B9F-BBB8-EF2EF776B903}.Release|Any CPU.ActiveCfg = Release|Any CPU
		{75EF0B3D-D99A-4B9F-BBB8-EF2EF776B903}.Release|Any CPU.Build.0 = Release|Any CPU
		{8FBFC5B6-779C-42D1-AF5C-94ACB2C259D9}.Debug|Any CPU.ActiveCfg = Debug|Any CPU
		{8FBFC5B6-779C-42D1-AF5C-94ACB2C259D9}.Debug|Any CPU.Build.0 = Debug|Any CPU
		{8FBFC5B6-779C-42D1-AF5C-94ACB2C259D9}.Release|Any CPU.ActiveCfg = Release|Any CPU
		{8FBFC5B6-779C-42D1-AF5C-94ACB2C259D9}.Release|Any CPU.Build.0 = Release|Any CPU
		{6A2F062D-A7EC-49D0-9C52-FF633280374F}.Debug|Any CPU.ActiveCfg = Debug|Any CPU
		{6A2F062D-A7EC-49D0-9C52-FF633280374F}.Debug|Any CPU.Build.0 = Debug|Any CPU
		{6A2F062D-A7EC-49D0-9C52-FF633280374F}.Release|Any CPU.ActiveCfg = Release|Any CPU
		{6A2F062D-A7EC-49D0-9C52-FF633280374F}.Release|Any CPU.Build.0 = Release|Any CPU
		{CCC5F283-19BB-45F1-A51A-15927CB674B1}.Debug|Any CPU.ActiveCfg = Debug|Any CPU
		{CCC5F283-19BB-45F1-A51A-15927CB674B1}.Debug|Any CPU.Build.0 = Debug|Any CPU
		{CCC5F283-19BB-45F1-A51A-15927CB674B1}.Release|Any CPU.ActiveCfg = Release|Any CPU
		{CCC5F283-19BB-45F1-A51A-15927CB674B1}.Release|Any CPU.Build.0 = Release|Any CPU
		{3191F980-8777-4CBA-BFB4-C477EBD221D7}.Debug|Any CPU.ActiveCfg = Debug|Any CPU
		{3191F980-8777-4CBA-BFB4-C477EBD221D7}.Debug|Any CPU.Build.0 = Debug|Any CPU
		{3191F980-8777-4CBA-BFB4-C477EBD221D7}.Release|Any CPU.ActiveCfg = Release|Any CPU
		{3191F980-8777-4CBA-BFB4-C477EBD221D7}.Release|Any CPU.Build.0 = Release|Any CPU
		{2559565B-7ABF-487B-AF5D-E43BABD8948D}.Debug|Any CPU.ActiveCfg = Debug|Any CPU
		{2559565B-7ABF-487B-AF5D-E43BABD8948D}.Debug|Any CPU.Build.0 = Debug|Any CPU
		{2559565B-7ABF-487B-AF5D-E43BABD8948D}.Release|Any CPU.ActiveCfg = Release|Any CPU
		{2559565B-7ABF-487B-AF5D-E43BABD8948D}.Release|Any CPU.Build.0 = Release|Any CPU
		{1B44E292-1FE6-4F9D-BCC1-B1FA7EFB8A00}.Debug|Any CPU.ActiveCfg = Debug|Any CPU
		{1B44E292-1FE6-4F9D-BCC1-B1FA7EFB8A00}.Debug|Any CPU.Build.0 = Debug|Any CPU
		{1B44E292-1FE6-4F9D-BCC1-B1FA7EFB8A00}.Release|Any CPU.ActiveCfg = Release|Any CPU
		{1B44E292-1FE6-4F9D-BCC1-B1FA7EFB8A00}.Release|Any CPU.Build.0 = Release|Any CPU
		{93D924E1-4411-44B9-942E-B07718523DFF}.Debug|Any CPU.ActiveCfg = Debug|Any CPU
		{93D924E1-4411-44B9-942E-B07718523DFF}.Debug|Any CPU.Build.0 = Debug|Any CPU
		{93D924E1-4411-44B9-942E-B07718523DFF}.Release|Any CPU.ActiveCfg = Release|Any CPU
		{93D924E1-4411-44B9-942E-B07718523DFF}.Release|Any CPU.Build.0 = Release|Any CPU
		{FB093E43-C689-4492-93B1-C0A3E928CA47}.Debug|Any CPU.ActiveCfg = Debug|Any CPU
		{FB093E43-C689-4492-93B1-C0A3E928CA47}.Debug|Any CPU.Build.0 = Debug|Any CPU
		{FB093E43-C689-4492-93B1-C0A3E928CA47}.Release|Any CPU.ActiveCfg = Release|Any CPU
		{FB093E43-C689-4492-93B1-C0A3E928CA47}.Release|Any CPU.Build.0 = Release|Any CPU
		{243E617B-65BA-448B-8057-9DD503A8CCB4}.Debug|Any CPU.ActiveCfg = Debug|Any CPU
		{243E617B-65BA-448B-8057-9DD503A8CCB4}.Debug|Any CPU.Build.0 = Debug|Any CPU
		{243E617B-65BA-448B-8057-9DD503A8CCB4}.Release|Any CPU.ActiveCfg = Release|Any CPU
		{243E617B-65BA-448B-8057-9DD503A8CCB4}.Release|Any CPU.Build.0 = Release|Any CPU
		{BC134FC8-CCE3-4974-B147-982AAD340851}.Debug|Any CPU.ActiveCfg = Debug|Any CPU
		{BC134FC8-CCE3-4974-B147-982AAD340851}.Debug|Any CPU.Build.0 = Debug|Any CPU
		{BC134FC8-CCE3-4974-B147-982AAD340851}.Release|Any CPU.ActiveCfg = Release|Any CPU
		{BC134FC8-CCE3-4974-B147-982AAD340851}.Release|Any CPU.Build.0 = Release|Any CPU
		{3D59A31C-A20F-4F95-8E8B-28DA6033C685}.Debug|Any CPU.ActiveCfg = Debug|Any CPU
		{3D59A31C-A20F-4F95-8E8B-28DA6033C685}.Debug|Any CPU.Build.0 = Debug|Any CPU
		{3D59A31C-A20F-4F95-8E8B-28DA6033C685}.Release|Any CPU.ActiveCfg = Release|Any CPU
		{3D59A31C-A20F-4F95-8E8B-28DA6033C685}.Release|Any CPU.Build.0 = Release|Any CPU
		{C5D077C5-A9D3-4750-AA31-5341C16EAFF6}.Debug|Any CPU.ActiveCfg = Debug|Any CPU
		{C5D077C5-A9D3-4750-AA31-5341C16EAFF6}.Debug|Any CPU.Build.0 = Debug|Any CPU
		{C5D077C5-A9D3-4750-AA31-5341C16EAFF6}.Release|Any CPU.ActiveCfg = Release|Any CPU
		{C5D077C5-A9D3-4750-AA31-5341C16EAFF6}.Release|Any CPU.Build.0 = Release|Any CPU
		{45D2AA6D-D9F9-4E20-AEAF-50B343A17122}.Debug|Any CPU.ActiveCfg = Debug|Any CPU
		{45D2AA6D-D9F9-4E20-AEAF-50B343A17122}.Debug|Any CPU.Build.0 = Debug|Any CPU
		{45D2AA6D-D9F9-4E20-AEAF-50B343A17122}.Release|Any CPU.ActiveCfg = Release|Any CPU
		{45D2AA6D-D9F9-4E20-AEAF-50B343A17122}.Release|Any CPU.Build.0 = Release|Any CPU
		{5F59740D-9A9E-4C5C-9F81-2CDC554C0F70}.Debug|Any CPU.ActiveCfg = Debug|Any CPU
		{5F59740D-9A9E-4C5C-9F81-2CDC554C0F70}.Debug|Any CPU.Build.0 = Debug|Any CPU
		{5F59740D-9A9E-4C5C-9F81-2CDC554C0F70}.Release|Any CPU.ActiveCfg = Release|Any CPU
		{5F59740D-9A9E-4C5C-9F81-2CDC554C0F70}.Release|Any CPU.Build.0 = Release|Any CPU
		{3D78B36C-B588-4642-BD60-75649A98D526}.Debug|Any CPU.ActiveCfg = Debug|Any CPU
		{3D78B36C-B588-4642-BD60-75649A98D526}.Debug|Any CPU.Build.0 = Debug|Any CPU
		{3D78B36C-B588-4642-BD60-75649A98D526}.Release|Any CPU.ActiveCfg = Release|Any CPU
		{3D78B36C-B588-4642-BD60-75649A98D526}.Release|Any CPU.Build.0 = Release|Any CPU
		{8941C1A7-F7E8-44BB-B2CE-D8F52F21CE3D}.Debug|Any CPU.ActiveCfg = Debug|Any CPU
		{8941C1A7-F7E8-44BB-B2CE-D8F52F21CE3D}.Debug|Any CPU.Build.0 = Debug|Any CPU
		{8941C1A7-F7E8-44BB-B2CE-D8F52F21CE3D}.Release|Any CPU.ActiveCfg = Release|Any CPU
		{8941C1A7-F7E8-44BB-B2CE-D8F52F21CE3D}.Release|Any CPU.Build.0 = Release|Any CPU
		{2B5FBBED-5561-4EA5-B8FE-9B786938895E}.Debug|Any CPU.ActiveCfg = Debug|Any CPU
		{2B5FBBED-5561-4EA5-B8FE-9B786938895E}.Debug|Any CPU.Build.0 = Debug|Any CPU
		{2B5FBBED-5561-4EA5-B8FE-9B786938895E}.Release|Any CPU.ActiveCfg = Release|Any CPU
		{2B5FBBED-5561-4EA5-B8FE-9B786938895E}.Release|Any CPU.Build.0 = Release|Any CPU
		{EAA733AA-7076-492C-A1D0-77BBE7FDF70D}.Debug|Any CPU.ActiveCfg = Debug|Any CPU
		{EAA733AA-7076-492C-A1D0-77BBE7FDF70D}.Debug|Any CPU.Build.0 = Debug|Any CPU
		{EAA733AA-7076-492C-A1D0-77BBE7FDF70D}.Release|Any CPU.ActiveCfg = Release|Any CPU
		{EAA733AA-7076-492C-A1D0-77BBE7FDF70D}.Release|Any CPU.Build.0 = Release|Any CPU
		{33D60FD3-6240-4329-9FE6-6BBE509D2E8F}.Debug|Any CPU.ActiveCfg = Debug|Any CPU
		{33D60FD3-6240-4329-9FE6-6BBE509D2E8F}.Debug|Any CPU.Build.0 = Debug|Any CPU
		{33D60FD3-6240-4329-9FE6-6BBE509D2E8F}.Release|Any CPU.ActiveCfg = Release|Any CPU
		{33D60FD3-6240-4329-9FE6-6BBE509D2E8F}.Release|Any CPU.Build.0 = Release|Any CPU
		{612AB397-6522-481D-8C05-05EDFA0CD1EB}.Debug|Any CPU.ActiveCfg = Debug|Any CPU
		{612AB397-6522-481D-8C05-05EDFA0CD1EB}.Debug|Any CPU.Build.0 = Debug|Any CPU
		{612AB397-6522-481D-8C05-05EDFA0CD1EB}.Release|Any CPU.ActiveCfg = Release|Any CPU
		{612AB397-6522-481D-8C05-05EDFA0CD1EB}.Release|Any CPU.Build.0 = Release|Any CPU
		{BE99475A-1E51-4703-8E73-3BC072183509}.Debug|Any CPU.ActiveCfg = Debug|Any CPU
		{BE99475A-1E51-4703-8E73-3BC072183509}.Debug|Any CPU.Build.0 = Debug|Any CPU
		{BE99475A-1E51-4703-8E73-3BC072183509}.Release|Any CPU.ActiveCfg = Release|Any CPU
		{BE99475A-1E51-4703-8E73-3BC072183509}.Release|Any CPU.Build.0 = Release|Any CPU
		{F50F92FE-B453-4CA0-A9B1-D13E66CA7507}.Debug|Any CPU.ActiveCfg = Debug|Any CPU
		{F50F92FE-B453-4CA0-A9B1-D13E66CA7507}.Debug|Any CPU.Build.0 = Debug|Any CPU
		{F50F92FE-B453-4CA0-A9B1-D13E66CA7507}.Release|Any CPU.ActiveCfg = Release|Any CPU
		{F50F92FE-B453-4CA0-A9B1-D13E66CA7507}.Release|Any CPU.Build.0 = Release|Any CPU
		{3979471B-BBF9-48F8-AEBF-9D34935BC5E7}.Debug|Any CPU.ActiveCfg = Debug|Any CPU
		{3979471B-BBF9-48F8-AEBF-9D34935BC5E7}.Debug|Any CPU.Build.0 = Debug|Any CPU
		{3979471B-BBF9-48F8-AEBF-9D34935BC5E7}.Release|Any CPU.ActiveCfg = Release|Any CPU
		{3979471B-BBF9-48F8-AEBF-9D34935BC5E7}.Release|Any CPU.Build.0 = Release|Any CPU
		{EC515585-D501-48F1-9B45-24B0DE91765B}.Debug|Any CPU.ActiveCfg = Debug|Any CPU
		{EC515585-D501-48F1-9B45-24B0DE91765B}.Debug|Any CPU.Build.0 = Debug|Any CPU
		{EC515585-D501-48F1-9B45-24B0DE91765B}.Release|Any CPU.ActiveCfg = Release|Any CPU
		{EC515585-D501-48F1-9B45-24B0DE91765B}.Release|Any CPU.Build.0 = Release|Any CPU
		{5FECEDF6-7DD7-4ECF-92D8-DB85BBB367BB}.Debug|Any CPU.ActiveCfg = Debug|Any CPU
		{5FECEDF6-7DD7-4ECF-92D8-DB85BBB367BB}.Debug|Any CPU.Build.0 = Debug|Any CPU
		{5FECEDF6-7DD7-4ECF-92D8-DB85BBB367BB}.Release|Any CPU.ActiveCfg = Release|Any CPU
		{5FECEDF6-7DD7-4ECF-92D8-DB85BBB367BB}.Release|Any CPU.Build.0 = Release|Any CPU
		{BDCDBA57-647C-412F-9D1D-0362FD1CD41A}.Debug|Any CPU.ActiveCfg = Debug|Any CPU
		{BDCDBA57-647C-412F-9D1D-0362FD1CD41A}.Debug|Any CPU.Build.0 = Debug|Any CPU
		{BDCDBA57-647C-412F-9D1D-0362FD1CD41A}.Release|Any CPU.ActiveCfg = Release|Any CPU
		{BDCDBA57-647C-412F-9D1D-0362FD1CD41A}.Release|Any CPU.Build.0 = Release|Any CPU
		{116F3D31-4E22-44C6-83BD-A4CF56A31563}.Debug|Any CPU.ActiveCfg = Debug|Any CPU
		{116F3D31-4E22-44C6-83BD-A4CF56A31563}.Debug|Any CPU.Build.0 = Debug|Any CPU
		{116F3D31-4E22-44C6-83BD-A4CF56A31563}.Release|Any CPU.ActiveCfg = Release|Any CPU
		{116F3D31-4E22-44C6-83BD-A4CF56A31563}.Release|Any CPU.Build.0 = Release|Any CPU
		{0FBCDDE2-21EC-4C5B-A843-CFAB3FFDB738}.Debug|Any CPU.ActiveCfg = Debug|Any CPU
		{0FBCDDE2-21EC-4C5B-A843-CFAB3FFDB738}.Debug|Any CPU.Build.0 = Debug|Any CPU
		{0FBCDDE2-21EC-4C5B-A843-CFAB3FFDB738}.Release|Any CPU.ActiveCfg = Release|Any CPU
		{0FBCDDE2-21EC-4C5B-A843-CFAB3FFDB738}.Release|Any CPU.Build.0 = Release|Any CPU
		{D39A22D0-8DD4-480B-9849-2CEBA1714A7A}.Debug|Any CPU.ActiveCfg = Debug|Any CPU
		{D39A22D0-8DD4-480B-9849-2CEBA1714A7A}.Debug|Any CPU.Build.0 = Debug|Any CPU
		{D39A22D0-8DD4-480B-9849-2CEBA1714A7A}.Release|Any CPU.ActiveCfg = Release|Any CPU
		{D39A22D0-8DD4-480B-9849-2CEBA1714A7A}.Release|Any CPU.Build.0 = Release|Any CPU
		{DAF990BB-FE5B-48C7-A65B-4485E77F9F49}.Debug|Any CPU.ActiveCfg = Debug|Any CPU
		{DAF990BB-FE5B-48C7-A65B-4485E77F9F49}.Debug|Any CPU.Build.0 = Debug|Any CPU
		{DAF990BB-FE5B-48C7-A65B-4485E77F9F49}.Release|Any CPU.ActiveCfg = Release|Any CPU
		{DAF990BB-FE5B-48C7-A65B-4485E77F9F49}.Release|Any CPU.Build.0 = Release|Any CPU
		{808A6C9C-BA64-4D64-9CE6-12035EB6D0F5}.Debug|Any CPU.ActiveCfg = Debug|Any CPU
		{808A6C9C-BA64-4D64-9CE6-12035EB6D0F5}.Debug|Any CPU.Build.0 = Debug|Any CPU
		{808A6C9C-BA64-4D64-9CE6-12035EB6D0F5}.Release|Any CPU.ActiveCfg = Release|Any CPU
		{808A6C9C-BA64-4D64-9CE6-12035EB6D0F5}.Release|Any CPU.Build.0 = Release|Any CPU
		{2F0845D2-2414-4C77-B916-4888C086DC9D}.Debug|Any CPU.ActiveCfg = Debug|Any CPU
		{2F0845D2-2414-4C77-B916-4888C086DC9D}.Debug|Any CPU.Build.0 = Debug|Any CPU
		{2F0845D2-2414-4C77-B916-4888C086DC9D}.Release|Any CPU.ActiveCfg = Release|Any CPU
		{2F0845D2-2414-4C77-B916-4888C086DC9D}.Release|Any CPU.Build.0 = Release|Any CPU
		{908009F5-FCB0-42CA-B095-0A616BB65589}.Debug|Any CPU.ActiveCfg = Debug|Any CPU
		{908009F5-FCB0-42CA-B095-0A616BB65589}.Debug|Any CPU.Build.0 = Debug|Any CPU
		{908009F5-FCB0-42CA-B095-0A616BB65589}.Release|Any CPU.ActiveCfg = Release|Any CPU
		{908009F5-FCB0-42CA-B095-0A616BB65589}.Release|Any CPU.Build.0 = Release|Any CPU
		{695AE1DC-6CA9-49C6-AAC1-656FD7FB62B5}.Debug|Any CPU.ActiveCfg = Debug|Any CPU
		{695AE1DC-6CA9-49C6-AAC1-656FD7FB62B5}.Debug|Any CPU.Build.0 = Debug|Any CPU
		{695AE1DC-6CA9-49C6-AAC1-656FD7FB62B5}.Release|Any CPU.ActiveCfg = Release|Any CPU
		{695AE1DC-6CA9-49C6-AAC1-656FD7FB62B5}.Release|Any CPU.Build.0 = Release|Any CPU
		{8F3D2DAD-76C4-41F5-BE1F-FEC23D40DFDA}.Debug|Any CPU.ActiveCfg = Debug|Any CPU
		{8F3D2DAD-76C4-41F5-BE1F-FEC23D40DFDA}.Debug|Any CPU.Build.0 = Debug|Any CPU
		{8F3D2DAD-76C4-41F5-BE1F-FEC23D40DFDA}.Release|Any CPU.ActiveCfg = Release|Any CPU
		{8F3D2DAD-76C4-41F5-BE1F-FEC23D40DFDA}.Release|Any CPU.Build.0 = Release|Any CPU
		{A86C7E43-F3B1-4DC5-947F-6AB2587203C3}.Debug|Any CPU.ActiveCfg = Debug|Any CPU
		{A86C7E43-F3B1-4DC5-947F-6AB2587203C3}.Debug|Any CPU.Build.0 = Debug|Any CPU
		{A86C7E43-F3B1-4DC5-947F-6AB2587203C3}.Release|Any CPU.ActiveCfg = Release|Any CPU
		{A86C7E43-F3B1-4DC5-947F-6AB2587203C3}.Release|Any CPU.Build.0 = Release|Any CPU
		{B534FA72-6E93-4B51-8AE4-1EC67D4F8A68}.Debug|Any CPU.ActiveCfg = Debug|Any CPU
		{B534FA72-6E93-4B51-8AE4-1EC67D4F8A68}.Debug|Any CPU.Build.0 = Debug|Any CPU
		{B534FA72-6E93-4B51-8AE4-1EC67D4F8A68}.Release|Any CPU.ActiveCfg = Release|Any CPU
		{B534FA72-6E93-4B51-8AE4-1EC67D4F8A68}.Release|Any CPU.Build.0 = Release|Any CPU
		{F7BF8BD6-F3E1-47BF-9FF9-56AE8E66B961}.Debug|Any CPU.ActiveCfg = Debug|Any CPU
		{F7BF8BD6-F3E1-47BF-9FF9-56AE8E66B961}.Debug|Any CPU.Build.0 = Debug|Any CPU
		{F7BF8BD6-F3E1-47BF-9FF9-56AE8E66B961}.Release|Any CPU.ActiveCfg = Release|Any CPU
		{F7BF8BD6-F3E1-47BF-9FF9-56AE8E66B961}.Release|Any CPU.Build.0 = Release|Any CPU
		{3100EBDB-7976-4333-AEB8-73EF4FAEA7F8}.Debug|Any CPU.ActiveCfg = Debug|Any CPU
		{3100EBDB-7976-4333-AEB8-73EF4FAEA7F8}.Debug|Any CPU.Build.0 = Debug|Any CPU
		{3100EBDB-7976-4333-AEB8-73EF4FAEA7F8}.Release|Any CPU.ActiveCfg = Release|Any CPU
		{3100EBDB-7976-4333-AEB8-73EF4FAEA7F8}.Release|Any CPU.Build.0 = Release|Any CPU
		{464D123A-1514-4744-9330-BCD4AE03BAF5}.Debug|Any CPU.ActiveCfg = Debug|Any CPU
		{464D123A-1514-4744-9330-BCD4AE03BAF5}.Debug|Any CPU.Build.0 = Debug|Any CPU
		{464D123A-1514-4744-9330-BCD4AE03BAF5}.Release|Any CPU.ActiveCfg = Release|Any CPU
		{464D123A-1514-4744-9330-BCD4AE03BAF5}.Release|Any CPU.Build.0 = Release|Any CPU
		{6E6763B2-3A5D-4CF2-8995-1CCAA1DA986E}.Debug|Any CPU.ActiveCfg = Debug|Any CPU
		{6E6763B2-3A5D-4CF2-8995-1CCAA1DA986E}.Debug|Any CPU.Build.0 = Debug|Any CPU
		{6E6763B2-3A5D-4CF2-8995-1CCAA1DA986E}.Release|Any CPU.ActiveCfg = Release|Any CPU
		{6E6763B2-3A5D-4CF2-8995-1CCAA1DA986E}.Release|Any CPU.Build.0 = Release|Any CPU
		{28EAC9DF-04F3-4ACC-BF19-57A97D3DAA4D}.Debug|Any CPU.ActiveCfg = Debug|Any CPU
		{28EAC9DF-04F3-4ACC-BF19-57A97D3DAA4D}.Debug|Any CPU.Build.0 = Debug|Any CPU
		{28EAC9DF-04F3-4ACC-BF19-57A97D3DAA4D}.Release|Any CPU.ActiveCfg = Release|Any CPU
		{28EAC9DF-04F3-4ACC-BF19-57A97D3DAA4D}.Release|Any CPU.Build.0 = Release|Any CPU
		{D35CE106-9888-47BB-8A64-BC7D3529095A}.Debug|Any CPU.ActiveCfg = Debug|Any CPU
		{D35CE106-9888-47BB-8A64-BC7D3529095A}.Debug|Any CPU.Build.0 = Debug|Any CPU
		{D35CE106-9888-47BB-8A64-BC7D3529095A}.Release|Any CPU.ActiveCfg = Release|Any CPU
		{D35CE106-9888-47BB-8A64-BC7D3529095A}.Release|Any CPU.Build.0 = Release|Any CPU
		{10216AD6-589E-4FA6-BE87-1B131E739379}.Debug|Any CPU.ActiveCfg = Debug|Any CPU
		{10216AD6-589E-4FA6-BE87-1B131E739379}.Debug|Any CPU.Build.0 = Debug|Any CPU
		{10216AD6-589E-4FA6-BE87-1B131E739379}.Release|Any CPU.ActiveCfg = Release|Any CPU
		{10216AD6-589E-4FA6-BE87-1B131E739379}.Release|Any CPU.Build.0 = Release|Any CPU
		{6B525E06-3851-4AD6-BB5D-5CC66608B599}.Debug|Any CPU.ActiveCfg = Debug|Any CPU
		{6B525E06-3851-4AD6-BB5D-5CC66608B599}.Debug|Any CPU.Build.0 = Debug|Any CPU
		{6B525E06-3851-4AD6-BB5D-5CC66608B599}.Release|Any CPU.ActiveCfg = Release|Any CPU
		{6B525E06-3851-4AD6-BB5D-5CC66608B599}.Release|Any CPU.Build.0 = Release|Any CPU
		{128DC2A7-C77D-4535-8BB5-0F32E701529A}.Debug|Any CPU.ActiveCfg = Debug|Any CPU
		{128DC2A7-C77D-4535-8BB5-0F32E701529A}.Debug|Any CPU.Build.0 = Debug|Any CPU
		{128DC2A7-C77D-4535-8BB5-0F32E701529A}.Release|Any CPU.ActiveCfg = Release|Any CPU
		{128DC2A7-C77D-4535-8BB5-0F32E701529A}.Release|Any CPU.Build.0 = Release|Any CPU
		{3AAEC1ED-66DD-48CF-A302-DC81B7654CA4}.Debug|Any CPU.ActiveCfg = Debug|Any CPU
		{3AAEC1ED-66DD-48CF-A302-DC81B7654CA4}.Debug|Any CPU.Build.0 = Debug|Any CPU
		{3AAEC1ED-66DD-48CF-A302-DC81B7654CA4}.Release|Any CPU.ActiveCfg = Release|Any CPU
		{3AAEC1ED-66DD-48CF-A302-DC81B7654CA4}.Release|Any CPU.Build.0 = Release|Any CPU
		{B3DBC2A4-3319-4B17-A2CA-E71BD43CDF5B}.Debug|Any CPU.ActiveCfg = Debug|Any CPU
		{B3DBC2A4-3319-4B17-A2CA-E71BD43CDF5B}.Debug|Any CPU.Build.0 = Debug|Any CPU
		{B3DBC2A4-3319-4B17-A2CA-E71BD43CDF5B}.Release|Any CPU.ActiveCfg = Release|Any CPU
		{B3DBC2A4-3319-4B17-A2CA-E71BD43CDF5B}.Release|Any CPU.Build.0 = Release|Any CPU
		{81F3A330-AE25-49F7-A284-27E289C743AC}.Debug|Any CPU.ActiveCfg = Debug|Any CPU
		{81F3A330-AE25-49F7-A284-27E289C743AC}.Debug|Any CPU.Build.0 = Debug|Any CPU
		{81F3A330-AE25-49F7-A284-27E289C743AC}.Release|Any CPU.ActiveCfg = Release|Any CPU
		{81F3A330-AE25-49F7-A284-27E289C743AC}.Release|Any CPU.Build.0 = Release|Any CPU
		{E105B492-4625-4E61-B3C7-BC8079D00D05}.Debug|Any CPU.ActiveCfg = Debug|Any CPU
		{E105B492-4625-4E61-B3C7-BC8079D00D05}.Debug|Any CPU.Build.0 = Debug|Any CPU
		{E105B492-4625-4E61-B3C7-BC8079D00D05}.Release|Any CPU.ActiveCfg = Release|Any CPU
		{E105B492-4625-4E61-B3C7-BC8079D00D05}.Release|Any CPU.Build.0 = Release|Any CPU
		{E849CFCB-F993-400D-BCBB-B5744EC55027}.Debug|Any CPU.ActiveCfg = Debug|Any CPU
		{E849CFCB-F993-400D-BCBB-B5744EC55027}.Debug|Any CPU.Build.0 = Debug|Any CPU
		{E849CFCB-F993-400D-BCBB-B5744EC55027}.Release|Any CPU.ActiveCfg = Release|Any CPU
		{E849CFCB-F993-400D-BCBB-B5744EC55027}.Release|Any CPU.Build.0 = Release|Any CPU
		{BF19F446-FDBF-448A-A3EE-750190C564CD}.Debug|Any CPU.ActiveCfg = Debug|Any CPU
		{BF19F446-FDBF-448A-A3EE-750190C564CD}.Debug|Any CPU.Build.0 = Debug|Any CPU
		{BF19F446-FDBF-448A-A3EE-750190C564CD}.Release|Any CPU.ActiveCfg = Release|Any CPU
		{BF19F446-FDBF-448A-A3EE-750190C564CD}.Release|Any CPU.Build.0 = Release|Any CPU
		{250418C9-B417-4D3F-8897-B3006C422E60}.Debug|Any CPU.ActiveCfg = Debug|Any CPU
		{250418C9-B417-4D3F-8897-B3006C422E60}.Debug|Any CPU.Build.0 = Debug|Any CPU
		{250418C9-B417-4D3F-8897-B3006C422E60}.Release|Any CPU.ActiveCfg = Release|Any CPU
		{250418C9-B417-4D3F-8897-B3006C422E60}.Release|Any CPU.Build.0 = Release|Any CPU
		{52FD897E-AA70-43B7-988F-7A34CFFC05C2}.Debug|Any CPU.ActiveCfg = Debug|Any CPU
		{52FD897E-AA70-43B7-988F-7A34CFFC05C2}.Debug|Any CPU.Build.0 = Debug|Any CPU
		{52FD897E-AA70-43B7-988F-7A34CFFC05C2}.Release|Any CPU.ActiveCfg = Release|Any CPU
		{52FD897E-AA70-43B7-988F-7A34CFFC05C2}.Release|Any CPU.Build.0 = Release|Any CPU
		{2D8809FE-E9E1-49E2-B92E-9FB280316BB3}.Debug|Any CPU.ActiveCfg = Debug|Any CPU
		{2D8809FE-E9E1-49E2-B92E-9FB280316BB3}.Debug|Any CPU.Build.0 = Debug|Any CPU
		{2D8809FE-E9E1-49E2-B92E-9FB280316BB3}.Release|Any CPU.ActiveCfg = Release|Any CPU
		{2D8809FE-E9E1-49E2-B92E-9FB280316BB3}.Release|Any CPU.Build.0 = Release|Any CPU
		{4699237C-30BA-48DA-979A-8FCDE4368250}.Debug|Any CPU.ActiveCfg = Debug|Any CPU
		{4699237C-30BA-48DA-979A-8FCDE4368250}.Debug|Any CPU.Build.0 = Debug|Any CPU
		{4699237C-30BA-48DA-979A-8FCDE4368250}.Release|Any CPU.ActiveCfg = Release|Any CPU
		{4699237C-30BA-48DA-979A-8FCDE4368250}.Release|Any CPU.Build.0 = Release|Any CPU
		{4B61C175-522F-49B1-97A7-263DE885C18A}.Debug|Any CPU.ActiveCfg = Debug|Any CPU
		{4B61C175-522F-49B1-97A7-263DE885C18A}.Debug|Any CPU.Build.0 = Debug|Any CPU
		{4B61C175-522F-49B1-97A7-263DE885C18A}.Release|Any CPU.ActiveCfg = Release|Any CPU
		{4B61C175-522F-49B1-97A7-263DE885C18A}.Release|Any CPU.Build.0 = Release|Any CPU
		{F0D20BCB-0CA0-4FBC-8EA8-0220C47F64B6}.Debug|Any CPU.ActiveCfg = Debug|Any CPU
		{F0D20BCB-0CA0-4FBC-8EA8-0220C47F64B6}.Debug|Any CPU.Build.0 = Debug|Any CPU
		{F0D20BCB-0CA0-4FBC-8EA8-0220C47F64B6}.Release|Any CPU.ActiveCfg = Release|Any CPU
		{F0D20BCB-0CA0-4FBC-8EA8-0220C47F64B6}.Release|Any CPU.Build.0 = Release|Any CPU
		{2D95FB22-2805-43AB-8114-B2F7345BBC54}.Debug|Any CPU.ActiveCfg = Debug|Any CPU
		{2D95FB22-2805-43AB-8114-B2F7345BBC54}.Debug|Any CPU.Build.0 = Debug|Any CPU
		{2D95FB22-2805-43AB-8114-B2F7345BBC54}.Release|Any CPU.ActiveCfg = Release|Any CPU
		{2D95FB22-2805-43AB-8114-B2F7345BBC54}.Release|Any CPU.Build.0 = Release|Any CPU
		{A8F51809-5354-4407-8989-5D7974DF25FF}.Debug|Any CPU.ActiveCfg = Debug|Any CPU
		{A8F51809-5354-4407-8989-5D7974DF25FF}.Debug|Any CPU.Build.0 = Debug|Any CPU
		{A8F51809-5354-4407-8989-5D7974DF25FF}.Release|Any CPU.ActiveCfg = Release|Any CPU
		{A8F51809-5354-4407-8989-5D7974DF25FF}.Release|Any CPU.Build.0 = Release|Any CPU
		{2B2B1E85-0920-4DF5-86FA-CA4078D433E6}.Debug|Any CPU.ActiveCfg = Debug|Any CPU
		{2B2B1E85-0920-4DF5-86FA-CA4078D433E6}.Debug|Any CPU.Build.0 = Debug|Any CPU
		{2B2B1E85-0920-4DF5-86FA-CA4078D433E6}.Release|Any CPU.ActiveCfg = Release|Any CPU
		{2B2B1E85-0920-4DF5-86FA-CA4078D433E6}.Release|Any CPU.Build.0 = Release|Any CPU
		{C959E48D-FE68-4047-B881-9AF636A3239B}.Debug|Any CPU.ActiveCfg = Debug|Any CPU
		{C959E48D-FE68-4047-B881-9AF636A3239B}.Debug|Any CPU.Build.0 = Debug|Any CPU
		{C959E48D-FE68-4047-B881-9AF636A3239B}.Release|Any CPU.ActiveCfg = Release|Any CPU
		{C959E48D-FE68-4047-B881-9AF636A3239B}.Release|Any CPU.Build.0 = Release|Any CPU
		{55CCF548-4F94-4183-82A5-4ACAA313F1B1}.Debug|Any CPU.ActiveCfg = Debug|Any CPU
		{55CCF548-4F94-4183-82A5-4ACAA313F1B1}.Debug|Any CPU.Build.0 = Debug|Any CPU
		{55CCF548-4F94-4183-82A5-4ACAA313F1B1}.Release|Any CPU.ActiveCfg = Release|Any CPU
		{55CCF548-4F94-4183-82A5-4ACAA313F1B1}.Release|Any CPU.Build.0 = Release|Any CPU
		{ACA96BE5-BB24-442F-B20A-5E1536139DA2}.Debug|Any CPU.ActiveCfg = Debug|Any CPU
		{ACA96BE5-BB24-442F-B20A-5E1536139DA2}.Debug|Any CPU.Build.0 = Debug|Any CPU
		{ACA96BE5-BB24-442F-B20A-5E1536139DA2}.Release|Any CPU.ActiveCfg = Release|Any CPU
		{ACA96BE5-BB24-442F-B20A-5E1536139DA2}.Release|Any CPU.Build.0 = Release|Any CPU
		{C8F2D21B-452F-4FB2-B874-C5EA2D624E76}.Debug|Any CPU.ActiveCfg = Debug|Any CPU
		{C8F2D21B-452F-4FB2-B874-C5EA2D624E76}.Debug|Any CPU.Build.0 = Debug|Any CPU
		{C8F2D21B-452F-4FB2-B874-C5EA2D624E76}.Release|Any CPU.ActiveCfg = Release|Any CPU
		{C8F2D21B-452F-4FB2-B874-C5EA2D624E76}.Release|Any CPU.Build.0 = Release|Any CPU
		{7F7FE9DB-F6BD-42D3-A439-C25DB0EC4C20}.Debug|Any CPU.ActiveCfg = Debug|Any CPU
		{7F7FE9DB-F6BD-42D3-A439-C25DB0EC4C20}.Debug|Any CPU.Build.0 = Debug|Any CPU
		{7F7FE9DB-F6BD-42D3-A439-C25DB0EC4C20}.Release|Any CPU.ActiveCfg = Release|Any CPU
		{7F7FE9DB-F6BD-42D3-A439-C25DB0EC4C20}.Release|Any CPU.Build.0 = Release|Any CPU
		{D3EE4E3C-761E-4FFF-A611-27CA714ED7FF}.Debug|Any CPU.ActiveCfg = Debug|Any CPU
		{D3EE4E3C-761E-4FFF-A611-27CA714ED7FF}.Debug|Any CPU.Build.0 = Debug|Any CPU
		{D3EE4E3C-761E-4FFF-A611-27CA714ED7FF}.Release|Any CPU.ActiveCfg = Release|Any CPU
		{D3EE4E3C-761E-4FFF-A611-27CA714ED7FF}.Release|Any CPU.Build.0 = Release|Any CPU
		{99633D4F-2347-4165-81F3-B163CEB8642A}.Debug|Any CPU.ActiveCfg = Debug|Any CPU
		{99633D4F-2347-4165-81F3-B163CEB8642A}.Debug|Any CPU.Build.0 = Debug|Any CPU
		{99633D4F-2347-4165-81F3-B163CEB8642A}.Release|Any CPU.ActiveCfg = Release|Any CPU
		{99633D4F-2347-4165-81F3-B163CEB8642A}.Release|Any CPU.Build.0 = Release|Any CPU
		{FCB07A65-2E5F-4041-B6A9-C3FE9D52EA77}.Debug|Any CPU.ActiveCfg = Debug|Any CPU
		{FCB07A65-2E5F-4041-B6A9-C3FE9D52EA77}.Debug|Any CPU.Build.0 = Debug|Any CPU
		{FCB07A65-2E5F-4041-B6A9-C3FE9D52EA77}.Release|Any CPU.ActiveCfg = Release|Any CPU
		{FCB07A65-2E5F-4041-B6A9-C3FE9D52EA77}.Release|Any CPU.Build.0 = Release|Any CPU
		{2F9F3CFF-0991-4F60-9615-1365C05CADB0}.Debug|Any CPU.ActiveCfg = Debug|Any CPU
		{2F9F3CFF-0991-4F60-9615-1365C05CADB0}.Debug|Any CPU.Build.0 = Debug|Any CPU
		{2F9F3CFF-0991-4F60-9615-1365C05CADB0}.Release|Any CPU.ActiveCfg = Release|Any CPU
		{2F9F3CFF-0991-4F60-9615-1365C05CADB0}.Release|Any CPU.Build.0 = Release|Any CPU
		{36ADE11B-BF40-43E4-A331-DB056F538CC0}.Debug|Any CPU.ActiveCfg = Debug|Any CPU
		{36ADE11B-BF40-43E4-A331-DB056F538CC0}.Debug|Any CPU.Build.0 = Debug|Any CPU
		{36ADE11B-BF40-43E4-A331-DB056F538CC0}.Release|Any CPU.ActiveCfg = Release|Any CPU
		{36ADE11B-BF40-43E4-A331-DB056F538CC0}.Release|Any CPU.Build.0 = Release|Any CPU
		{9DE39240-5B1A-425D-9316-E12E6A073AF4}.Debug|Any CPU.ActiveCfg = Debug|Any CPU
		{9DE39240-5B1A-425D-9316-E12E6A073AF4}.Debug|Any CPU.Build.0 = Debug|Any CPU
		{9DE39240-5B1A-425D-9316-E12E6A073AF4}.Release|Any CPU.ActiveCfg = Release|Any CPU
		{9DE39240-5B1A-425D-9316-E12E6A073AF4}.Release|Any CPU.Build.0 = Release|Any CPU
		{FF806E71-A6AD-4A78-8F32-4AE121CFCD38}.Debug|Any CPU.ActiveCfg = Debug|Any CPU
		{FF806E71-A6AD-4A78-8F32-4AE121CFCD38}.Debug|Any CPU.Build.0 = Debug|Any CPU
		{FF806E71-A6AD-4A78-8F32-4AE121CFCD38}.Release|Any CPU.ActiveCfg = Release|Any CPU
		{FF806E71-A6AD-4A78-8F32-4AE121CFCD38}.Release|Any CPU.Build.0 = Release|Any CPU
		{54F0B0B8-7F74-4ACD-A23A-DE747D82AC4E}.Debug|Any CPU.ActiveCfg = Debug|Any CPU
		{54F0B0B8-7F74-4ACD-A23A-DE747D82AC4E}.Debug|Any CPU.Build.0 = Debug|Any CPU
		{54F0B0B8-7F74-4ACD-A23A-DE747D82AC4E}.Release|Any CPU.ActiveCfg = Release|Any CPU
		{54F0B0B8-7F74-4ACD-A23A-DE747D82AC4E}.Release|Any CPU.Build.0 = Release|Any CPU
		{5CCD17D8-5593-4C6C-8332-8A253AB5CDF1}.Debug|Any CPU.ActiveCfg = Debug|Any CPU
		{5CCD17D8-5593-4C6C-8332-8A253AB5CDF1}.Debug|Any CPU.Build.0 = Debug|Any CPU
		{5CCD17D8-5593-4C6C-8332-8A253AB5CDF1}.Release|Any CPU.ActiveCfg = Release|Any CPU
		{5CCD17D8-5593-4C6C-8332-8A253AB5CDF1}.Release|Any CPU.Build.0 = Release|Any CPU
		{E6112E52-A9E1-4790-8B75-1AE9C3425235}.Debug|Any CPU.ActiveCfg = Debug|Any CPU
		{E6112E52-A9E1-4790-8B75-1AE9C3425235}.Debug|Any CPU.Build.0 = Debug|Any CPU
		{E6112E52-A9E1-4790-8B75-1AE9C3425235}.Release|Any CPU.ActiveCfg = Release|Any CPU
		{E6112E52-A9E1-4790-8B75-1AE9C3425235}.Release|Any CPU.Build.0 = Release|Any CPU
		{248103E4-722C-4DBD-B980-7E8AA047205F}.Debug|Any CPU.ActiveCfg = Debug|Any CPU
		{248103E4-722C-4DBD-B980-7E8AA047205F}.Debug|Any CPU.Build.0 = Debug|Any CPU
		{248103E4-722C-4DBD-B980-7E8AA047205F}.Release|Any CPU.ActiveCfg = Release|Any CPU
		{248103E4-722C-4DBD-B980-7E8AA047205F}.Release|Any CPU.Build.0 = Release|Any CPU
		{7B05E7D7-1E55-4834-8483-797443E5B98C}.Debug|Any CPU.ActiveCfg = Debug|Any CPU
		{7B05E7D7-1E55-4834-8483-797443E5B98C}.Debug|Any CPU.Build.0 = Debug|Any CPU
		{7B05E7D7-1E55-4834-8483-797443E5B98C}.Release|Any CPU.ActiveCfg = Release|Any CPU
		{7B05E7D7-1E55-4834-8483-797443E5B98C}.Release|Any CPU.Build.0 = Release|Any CPU
		{C0CA2ADC-10EB-4FB5-BA36-92D6D2DB673D}.Debug|Any CPU.ActiveCfg = Debug|Any CPU
		{C0CA2ADC-10EB-4FB5-BA36-92D6D2DB673D}.Debug|Any CPU.Build.0 = Debug|Any CPU
		{C0CA2ADC-10EB-4FB5-BA36-92D6D2DB673D}.Release|Any CPU.ActiveCfg = Release|Any CPU
		{C0CA2ADC-10EB-4FB5-BA36-92D6D2DB673D}.Release|Any CPU.Build.0 = Release|Any CPU
		{4F6C8D11-3824-440E-80D5-8153614DA2D6}.Debug|Any CPU.ActiveCfg = Debug|Any CPU
		{4F6C8D11-3824-440E-80D5-8153614DA2D6}.Debug|Any CPU.Build.0 = Debug|Any CPU
		{4F6C8D11-3824-440E-80D5-8153614DA2D6}.Release|Any CPU.ActiveCfg = Release|Any CPU
		{4F6C8D11-3824-440E-80D5-8153614DA2D6}.Release|Any CPU.Build.0 = Release|Any CPU
		{2653B0A9-48EB-40C0-8F19-54792847305D}.Debug|Any CPU.ActiveCfg = Debug|Any CPU
		{2653B0A9-48EB-40C0-8F19-54792847305D}.Debug|Any CPU.Build.0 = Debug|Any CPU
		{2653B0A9-48EB-40C0-8F19-54792847305D}.Release|Any CPU.ActiveCfg = Release|Any CPU
		{2653B0A9-48EB-40C0-8F19-54792847305D}.Release|Any CPU.Build.0 = Release|Any CPU
		{9105DB1D-558E-4889-A1ED-E0622E6AFD5F}.Debug|Any CPU.ActiveCfg = Debug|Any CPU
		{9105DB1D-558E-4889-A1ED-E0622E6AFD5F}.Debug|Any CPU.Build.0 = Debug|Any CPU
		{9105DB1D-558E-4889-A1ED-E0622E6AFD5F}.Release|Any CPU.ActiveCfg = Release|Any CPU
		{9105DB1D-558E-4889-A1ED-E0622E6AFD5F}.Release|Any CPU.Build.0 = Release|Any CPU
		{0302F5F7-8F73-4B58-B0DA-43E5BE082508}.Debug|Any CPU.ActiveCfg = Debug|Any CPU
		{0302F5F7-8F73-4B58-B0DA-43E5BE082508}.Debug|Any CPU.Build.0 = Debug|Any CPU
		{0302F5F7-8F73-4B58-B0DA-43E5BE082508}.Release|Any CPU.ActiveCfg = Release|Any CPU
		{0302F5F7-8F73-4B58-B0DA-43E5BE082508}.Release|Any CPU.Build.0 = Release|Any CPU
		{9102318E-E82F-47A1-A328-5D1A998C6F4C}.Debug|Any CPU.ActiveCfg = Debug|Any CPU
		{9102318E-E82F-47A1-A328-5D1A998C6F4C}.Debug|Any CPU.Build.0 = Debug|Any CPU
		{9102318E-E82F-47A1-A328-5D1A998C6F4C}.Release|Any CPU.ActiveCfg = Release|Any CPU
		{9102318E-E82F-47A1-A328-5D1A998C6F4C}.Release|Any CPU.Build.0 = Release|Any CPU
		{47D21D7A-1E82-4164-8307-21E4A5E7EEEA}.Debug|Any CPU.ActiveCfg = Debug|Any CPU
		{47D21D7A-1E82-4164-8307-21E4A5E7EEEA}.Debug|Any CPU.Build.0 = Debug|Any CPU
		{47D21D7A-1E82-4164-8307-21E4A5E7EEEA}.Release|Any CPU.ActiveCfg = Release|Any CPU
		{47D21D7A-1E82-4164-8307-21E4A5E7EEEA}.Release|Any CPU.Build.0 = Release|Any CPU
		{81977619-99E4-435D-A11D-005E6A93C6B5}.Debug|Any CPU.ActiveCfg = Debug|Any CPU
		{81977619-99E4-435D-A11D-005E6A93C6B5}.Debug|Any CPU.Build.0 = Debug|Any CPU
		{81977619-99E4-435D-A11D-005E6A93C6B5}.Release|Any CPU.ActiveCfg = Release|Any CPU
		{81977619-99E4-435D-A11D-005E6A93C6B5}.Release|Any CPU.Build.0 = Release|Any CPU
		{57918556-EFFD-4C0C-86E7-E583701C92D5}.Debug|Any CPU.ActiveCfg = Debug|Any CPU
		{57918556-EFFD-4C0C-86E7-E583701C92D5}.Debug|Any CPU.Build.0 = Debug|Any CPU
		{57918556-EFFD-4C0C-86E7-E583701C92D5}.Release|Any CPU.ActiveCfg = Release|Any CPU
		{57918556-EFFD-4C0C-86E7-E583701C92D5}.Release|Any CPU.Build.0 = Release|Any CPU
		{A8C9FD7A-9F23-4B64-A3C9-0B546E77DF8E}.Debug|Any CPU.ActiveCfg = Debug|Any CPU
		{A8C9FD7A-9F23-4B64-A3C9-0B546E77DF8E}.Debug|Any CPU.Build.0 = Debug|Any CPU
		{A8C9FD7A-9F23-4B64-A3C9-0B546E77DF8E}.Release|Any CPU.ActiveCfg = Release|Any CPU
		{A8C9FD7A-9F23-4B64-A3C9-0B546E77DF8E}.Release|Any CPU.Build.0 = Release|Any CPU
		{15959AE8-7054-4EA6-9DBC-1C991CBDA84D}.Debug|Any CPU.ActiveCfg = Debug|Any CPU
		{15959AE8-7054-4EA6-9DBC-1C991CBDA84D}.Debug|Any CPU.Build.0 = Debug|Any CPU
		{15959AE8-7054-4EA6-9DBC-1C991CBDA84D}.Release|Any CPU.ActiveCfg = Release|Any CPU
		{15959AE8-7054-4EA6-9DBC-1C991CBDA84D}.Release|Any CPU.Build.0 = Release|Any CPU
		{EA7B87B5-0216-4F27-BAD9-A93BCF8DD4B2}.Debug|Any CPU.ActiveCfg = Debug|Any CPU
		{EA7B87B5-0216-4F27-BAD9-A93BCF8DD4B2}.Debug|Any CPU.Build.0 = Debug|Any CPU
		{EA7B87B5-0216-4F27-BAD9-A93BCF8DD4B2}.Release|Any CPU.ActiveCfg = Release|Any CPU
		{EA7B87B5-0216-4F27-BAD9-A93BCF8DD4B2}.Release|Any CPU.Build.0 = Release|Any CPU
		{40051CE4-C657-415C-8F32-30D0BA0489D7}.Debug|Any CPU.ActiveCfg = Debug|Any CPU
		{40051CE4-C657-415C-8F32-30D0BA0489D7}.Debug|Any CPU.Build.0 = Debug|Any CPU
		{40051CE4-C657-415C-8F32-30D0BA0489D7}.Release|Any CPU.ActiveCfg = Release|Any CPU
		{40051CE4-C657-415C-8F32-30D0BA0489D7}.Release|Any CPU.Build.0 = Release|Any CPU
		{F1F803D4-64B2-4B4B-9338-7537D36119EB}.Debug|Any CPU.ActiveCfg = Debug|Any CPU
		{F1F803D4-64B2-4B4B-9338-7537D36119EB}.Debug|Any CPU.Build.0 = Debug|Any CPU
		{F1F803D4-64B2-4B4B-9338-7537D36119EB}.Release|Any CPU.ActiveCfg = Release|Any CPU
		{F1F803D4-64B2-4B4B-9338-7537D36119EB}.Release|Any CPU.Build.0 = Release|Any CPU
		{33D1FA5F-2621-4376-9BD4-27A566C38B23}.Debug|Any CPU.ActiveCfg = Debug|Any CPU
		{33D1FA5F-2621-4376-9BD4-27A566C38B23}.Debug|Any CPU.Build.0 = Debug|Any CPU
		{33D1FA5F-2621-4376-9BD4-27A566C38B23}.Release|Any CPU.ActiveCfg = Release|Any CPU
		{33D1FA5F-2621-4376-9BD4-27A566C38B23}.Release|Any CPU.Build.0 = Release|Any CPU
		{5E91B3B3-2D75-4053-B4E8-A93F1AA53196}.Debug|Any CPU.ActiveCfg = Debug|Any CPU
		{5E91B3B3-2D75-4053-B4E8-A93F1AA53196}.Debug|Any CPU.Build.0 = Debug|Any CPU
		{5E91B3B3-2D75-4053-B4E8-A93F1AA53196}.Release|Any CPU.ActiveCfg = Release|Any CPU
		{5E91B3B3-2D75-4053-B4E8-A93F1AA53196}.Release|Any CPU.Build.0 = Release|Any CPU
		{3C071F9F-62C1-4CBF-9963-DA1D8DAB5F7A}.Debug|Any CPU.ActiveCfg = Debug|Any CPU
		{3C071F9F-62C1-4CBF-9963-DA1D8DAB5F7A}.Debug|Any CPU.Build.0 = Debug|Any CPU
		{3C071F9F-62C1-4CBF-9963-DA1D8DAB5F7A}.Release|Any CPU.ActiveCfg = Release|Any CPU
		{3C071F9F-62C1-4CBF-9963-DA1D8DAB5F7A}.Release|Any CPU.Build.0 = Release|Any CPU
		{AC4A2A5D-CC6E-4AF0-9A2D-93C4231D9785}.Debug|Any CPU.ActiveCfg = Debug|Any CPU
		{AC4A2A5D-CC6E-4AF0-9A2D-93C4231D9785}.Debug|Any CPU.Build.0 = Debug|Any CPU
		{AC4A2A5D-CC6E-4AF0-9A2D-93C4231D9785}.Release|Any CPU.ActiveCfg = Release|Any CPU
		{AC4A2A5D-CC6E-4AF0-9A2D-93C4231D9785}.Release|Any CPU.Build.0 = Release|Any CPU
		{98C76C76-D63B-4C3E-9192-E3531AAC045E}.Debug|Any CPU.ActiveCfg = Debug|Any CPU
		{98C76C76-D63B-4C3E-9192-E3531AAC045E}.Debug|Any CPU.Build.0 = Debug|Any CPU
		{98C76C76-D63B-4C3E-9192-E3531AAC045E}.Release|Any CPU.ActiveCfg = Release|Any CPU
		{98C76C76-D63B-4C3E-9192-E3531AAC045E}.Release|Any CPU.Build.0 = Release|Any CPU
	EndGlobalSection
	GlobalSection(SolutionProperties) = preSolution
		HideSolutionNode = FALSE
	EndGlobalSection
	GlobalSection(NestedProjects) = preSolution
		{C1C43FE7-1DEE-40E7-B9F7-D42A05C8F159} = {1A43F84C-FADE-4EA3-8572-DA59734B2A1E}
		{A1BB0A08-BF68-4696-AD7B-908601757D17} = {1A43F84C-FADE-4EA3-8572-DA59734B2A1E}
		{51A6CC04-E6CB-4A14-AF02-445B92667BAF} = {1A43F84C-FADE-4EA3-8572-DA59734B2A1E}
		{725BD830-0D0E-4669-BB61-5E60E7B4CD61} = {1A43F84C-FADE-4EA3-8572-DA59734B2A1E}
		{DB29684B-734A-434A-A446-230D8DF05A1F} = {1A43F84C-FADE-4EA3-8572-DA59734B2A1E}
		{FEC77E66-E67A-474B-A138-ECFFB2ABEA18} = {1A43F84C-FADE-4EA3-8572-DA59734B2A1E}
		{264CDF8B-124E-48D4-AC3D-8C8002C92F6E} = {1A43F84C-FADE-4EA3-8572-DA59734B2A1E}
		{DE2EE6F6-FB07-43AC-8CF7-2A2BA934F6D2} = {1A43F84C-FADE-4EA3-8572-DA59734B2A1E}
		{259BF0E7-3B6C-4F34-88C0-E359C311C815} = {1A43F84C-FADE-4EA3-8572-DA59734B2A1E}
		{65CF222D-A14F-413B-A7CD-93AAB072C9F9} = {1A43F84C-FADE-4EA3-8572-DA59734B2A1E}
		{75EF0B3D-D99A-4B9F-BBB8-EF2EF776B903} = {1A43F84C-FADE-4EA3-8572-DA59734B2A1E}
		{8FBFC5B6-779C-42D1-AF5C-94ACB2C259D9} = {1A43F84C-FADE-4EA3-8572-DA59734B2A1E}
		{6A2F062D-A7EC-49D0-9C52-FF633280374F} = {1A43F84C-FADE-4EA3-8572-DA59734B2A1E}
		{CCC5F283-19BB-45F1-A51A-15927CB674B1} = {1A43F84C-FADE-4EA3-8572-DA59734B2A1E}
		{3191F980-8777-4CBA-BFB4-C477EBD221D7} = {1A43F84C-FADE-4EA3-8572-DA59734B2A1E}
		{2559565B-7ABF-487B-AF5D-E43BABD8948D} = {1A43F84C-FADE-4EA3-8572-DA59734B2A1E}
		{1B44E292-1FE6-4F9D-BCC1-B1FA7EFB8A00} = {1A43F84C-FADE-4EA3-8572-DA59734B2A1E}
		{93D924E1-4411-44B9-942E-B07718523DFF} = {1A43F84C-FADE-4EA3-8572-DA59734B2A1E}
		{FB093E43-C689-4492-93B1-C0A3E928CA47} = {1A43F84C-FADE-4EA3-8572-DA59734B2A1E}
		{243E617B-65BA-448B-8057-9DD503A8CCB4} = {1A43F84C-FADE-4EA3-8572-DA59734B2A1E}
		{BC134FC8-CCE3-4974-B147-982AAD340851} = {D1517888-1196-4378-B294-976CBD8DF7F2}
		{3D59A31C-A20F-4F95-8E8B-28DA6033C685} = {D1517888-1196-4378-B294-976CBD8DF7F2}
		{C5D077C5-A9D3-4750-AA31-5341C16EAFF6} = {D1517888-1196-4378-B294-976CBD8DF7F2}
		{45D2AA6D-D9F9-4E20-AEAF-50B343A17122} = {D1517888-1196-4378-B294-976CBD8DF7F2}
		{5F59740D-9A9E-4C5C-9F81-2CDC554C0F70} = {D1517888-1196-4378-B294-976CBD8DF7F2}
		{3D78B36C-B588-4642-BD60-75649A98D526} = {D1517888-1196-4378-B294-976CBD8DF7F2}
		{8941C1A7-F7E8-44BB-B2CE-D8F52F21CE3D} = {D1517888-1196-4378-B294-976CBD8DF7F2}
		{2B5FBBED-5561-4EA5-B8FE-9B786938895E} = {D1517888-1196-4378-B294-976CBD8DF7F2}
		{EAA733AA-7076-492C-A1D0-77BBE7FDF70D} = {D1517888-1196-4378-B294-976CBD8DF7F2}
		{33D60FD3-6240-4329-9FE6-6BBE509D2E8F} = {D1517888-1196-4378-B294-976CBD8DF7F2}
		{612AB397-6522-481D-8C05-05EDFA0CD1EB} = {D1517888-1196-4378-B294-976CBD8DF7F2}
		{BE99475A-1E51-4703-8E73-3BC072183509} = {D1517888-1196-4378-B294-976CBD8DF7F2}
		{F50F92FE-B453-4CA0-A9B1-D13E66CA7507} = {D1517888-1196-4378-B294-976CBD8DF7F2}
		{3979471B-BBF9-48F8-AEBF-9D34935BC5E7} = {D1517888-1196-4378-B294-976CBD8DF7F2}
		{EC515585-D501-48F1-9B45-24B0DE91765B} = {D1517888-1196-4378-B294-976CBD8DF7F2}
		{5FECEDF6-7DD7-4ECF-92D8-DB85BBB367BB} = {D1517888-1196-4378-B294-976CBD8DF7F2}
		{BDCDBA57-647C-412F-9D1D-0362FD1CD41A} = {D1517888-1196-4378-B294-976CBD8DF7F2}
		{116F3D31-4E22-44C6-83BD-A4CF56A31563} = {000E903D-89E4-46B8-ADC5-7E1A5EEAF1A8}
		{0FBCDDE2-21EC-4C5B-A843-CFAB3FFDB738} = {000E903D-89E4-46B8-ADC5-7E1A5EEAF1A8}
		{D39A22D0-8DD4-480B-9849-2CEBA1714A7A} = {000E903D-89E4-46B8-ADC5-7E1A5EEAF1A8}
		{DAF990BB-FE5B-48C7-A65B-4485E77F9F49} = {000E903D-89E4-46B8-ADC5-7E1A5EEAF1A8}
		{808A6C9C-BA64-4D64-9CE6-12035EB6D0F5} = {000E903D-89E4-46B8-ADC5-7E1A5EEAF1A8}
		{2F0845D2-2414-4C77-B916-4888C086DC9D} = {000E903D-89E4-46B8-ADC5-7E1A5EEAF1A8}
		{908009F5-FCB0-42CA-B095-0A616BB65589} = {000E903D-89E4-46B8-ADC5-7E1A5EEAF1A8}
		{695AE1DC-6CA9-49C6-AAC1-656FD7FB62B5} = {000E903D-89E4-46B8-ADC5-7E1A5EEAF1A8}
		{8F3D2DAD-76C4-41F5-BE1F-FEC23D40DFDA} = {000E903D-89E4-46B8-ADC5-7E1A5EEAF1A8}
		{A86C7E43-F3B1-4DC5-947F-6AB2587203C3} = {000E903D-89E4-46B8-ADC5-7E1A5EEAF1A8}
		{B534FA72-6E93-4B51-8AE4-1EC67D4F8A68} = {000E903D-89E4-46B8-ADC5-7E1A5EEAF1A8}
		{F7BF8BD6-F3E1-47BF-9FF9-56AE8E66B961} = {000E903D-89E4-46B8-ADC5-7E1A5EEAF1A8}
		{3100EBDB-7976-4333-AEB8-73EF4FAEA7F8} = {000E903D-89E4-46B8-ADC5-7E1A5EEAF1A8}
		{464D123A-1514-4744-9330-BCD4AE03BAF5} = {000E903D-89E4-46B8-ADC5-7E1A5EEAF1A8}
		{6E6763B2-3A5D-4CF2-8995-1CCAA1DA986E} = {000E903D-89E4-46B8-ADC5-7E1A5EEAF1A8}
		{28EAC9DF-04F3-4ACC-BF19-57A97D3DAA4D} = {8CA42B39-2910-405D-BE0C-2A87E8CBE5DE}
		{D35CE106-9888-47BB-8A64-BC7D3529095A} = {8CA42B39-2910-405D-BE0C-2A87E8CBE5DE}
		{10216AD6-589E-4FA6-BE87-1B131E739379} = {8CA42B39-2910-405D-BE0C-2A87E8CBE5DE}
		{6B525E06-3851-4AD6-BB5D-5CC66608B599} = {8CA42B39-2910-405D-BE0C-2A87E8CBE5DE}
		{128DC2A7-C77D-4535-8BB5-0F32E701529A} = {8CA42B39-2910-405D-BE0C-2A87E8CBE5DE}
		{3AAEC1ED-66DD-48CF-A302-DC81B7654CA4} = {8CA42B39-2910-405D-BE0C-2A87E8CBE5DE}
		{B3DBC2A4-3319-4B17-A2CA-E71BD43CDF5B} = {8CA42B39-2910-405D-BE0C-2A87E8CBE5DE}
		{81F3A330-AE25-49F7-A284-27E289C743AC} = {8CA42B39-2910-405D-BE0C-2A87E8CBE5DE}
		{E105B492-4625-4E61-B3C7-BC8079D00D05} = {8CA42B39-2910-405D-BE0C-2A87E8CBE5DE}
		{E849CFCB-F993-400D-BCBB-B5744EC55027} = {8CA42B39-2910-405D-BE0C-2A87E8CBE5DE}
		{BF19F446-FDBF-448A-A3EE-750190C564CD} = {8CA42B39-2910-405D-BE0C-2A87E8CBE5DE}
		{250418C9-B417-4D3F-8897-B3006C422E60} = {8CA42B39-2910-405D-BE0C-2A87E8CBE5DE}
		{52FD897E-AA70-43B7-988F-7A34CFFC05C2} = {127C9BCA-32CD-4802-8DA9-30C7BED205BC}
		{2D8809FE-E9E1-49E2-B92E-9FB280316BB3} = {127C9BCA-32CD-4802-8DA9-30C7BED205BC}
		{4699237C-30BA-48DA-979A-8FCDE4368250} = {127C9BCA-32CD-4802-8DA9-30C7BED205BC}
		{4B61C175-522F-49B1-97A7-263DE885C18A} = {127C9BCA-32CD-4802-8DA9-30C7BED205BC}
		{F0D20BCB-0CA0-4FBC-8EA8-0220C47F64B6} = {127C9BCA-32CD-4802-8DA9-30C7BED205BC}
		{2D95FB22-2805-43AB-8114-B2F7345BBC54} = {127C9BCA-32CD-4802-8DA9-30C7BED205BC}
		{A8F51809-5354-4407-8989-5D7974DF25FF} = {127C9BCA-32CD-4802-8DA9-30C7BED205BC}
		{2B2B1E85-0920-4DF5-86FA-CA4078D433E6} = {127C9BCA-32CD-4802-8DA9-30C7BED205BC}
		{C959E48D-FE68-4047-B881-9AF636A3239B} = {127C9BCA-32CD-4802-8DA9-30C7BED205BC}
		{55CCF548-4F94-4183-82A5-4ACAA313F1B1} = {127C9BCA-32CD-4802-8DA9-30C7BED205BC}
		{ACA96BE5-BB24-442F-B20A-5E1536139DA2} = {127C9BCA-32CD-4802-8DA9-30C7BED205BC}
		{C8F2D21B-452F-4FB2-B874-C5EA2D624E76} = {127C9BCA-32CD-4802-8DA9-30C7BED205BC}
		{7F7FE9DB-F6BD-42D3-A439-C25DB0EC4C20} = {127C9BCA-32CD-4802-8DA9-30C7BED205BC}
		{D3EE4E3C-761E-4FFF-A611-27CA714ED7FF} = {127C9BCA-32CD-4802-8DA9-30C7BED205BC}
		{99633D4F-2347-4165-81F3-B163CEB8642A} = {127C9BCA-32CD-4802-8DA9-30C7BED205BC}
		{FCB07A65-2E5F-4041-B6A9-C3FE9D52EA77} = {127C9BCA-32CD-4802-8DA9-30C7BED205BC}
		{2F9F3CFF-0991-4F60-9615-1365C05CADB0} = {127C9BCA-32CD-4802-8DA9-30C7BED205BC}
		{36ADE11B-BF40-43E4-A331-DB056F538CC0} = {896668AE-2660-4022-9F4F-33255F549A95}
		{9DE39240-5B1A-425D-9316-E12E6A073AF4} = {896668AE-2660-4022-9F4F-33255F549A95}
		{FF806E71-A6AD-4A78-8F32-4AE121CFCD38} = {896668AE-2660-4022-9F4F-33255F549A95}
		{54F0B0B8-7F74-4ACD-A23A-DE747D82AC4E} = {896668AE-2660-4022-9F4F-33255F549A95}
		{5CCD17D8-5593-4C6C-8332-8A253AB5CDF1} = {896668AE-2660-4022-9F4F-33255F549A95}
		{E6112E52-A9E1-4790-8B75-1AE9C3425235} = {896668AE-2660-4022-9F4F-33255F549A95}
		{248103E4-722C-4DBD-B980-7E8AA047205F} = {896668AE-2660-4022-9F4F-33255F549A95}
		{7B05E7D7-1E55-4834-8483-797443E5B98C} = {896668AE-2660-4022-9F4F-33255F549A95}
		{C0CA2ADC-10EB-4FB5-BA36-92D6D2DB673D} = {DAE739A5-4113-46D1-B59F-3E711FFF2EED}
		{4F6C8D11-3824-440E-80D5-8153614DA2D6} = {DAE739A5-4113-46D1-B59F-3E711FFF2EED}
		{2653B0A9-48EB-40C0-8F19-54792847305D} = {DAE739A5-4113-46D1-B59F-3E711FFF2EED}
		{9105DB1D-558E-4889-A1ED-E0622E6AFD5F} = {DAE739A5-4113-46D1-B59F-3E711FFF2EED}
		{0302F5F7-8F73-4B58-B0DA-43E5BE082508} = {DAE739A5-4113-46D1-B59F-3E711FFF2EED}
		{9102318E-E82F-47A1-A328-5D1A998C6F4C} = {DAE739A5-4113-46D1-B59F-3E711FFF2EED}
		{47D21D7A-1E82-4164-8307-21E4A5E7EEEA} = {DAE739A5-4113-46D1-B59F-3E711FFF2EED}
		{81977619-99E4-435D-A11D-005E6A93C6B5} = {DAE739A5-4113-46D1-B59F-3E711FFF2EED}
		{57918556-EFFD-4C0C-86E7-E583701C92D5} = {24576D94-E2B4-43F2-A938-7893AA124C2F}
		{A8C9FD7A-9F23-4B64-A3C9-0B546E77DF8E} = {24576D94-E2B4-43F2-A938-7893AA124C2F}
		{15959AE8-7054-4EA6-9DBC-1C991CBDA84D} = {24576D94-E2B4-43F2-A938-7893AA124C2F}
		{EA7B87B5-0216-4F27-BAD9-A93BCF8DD4B2} = {24576D94-E2B4-43F2-A938-7893AA124C2F}
		{40051CE4-C657-415C-8F32-30D0BA0489D7} = {24576D94-E2B4-43F2-A938-7893AA124C2F}
		{F1F803D4-64B2-4B4B-9338-7537D36119EB} = {24576D94-E2B4-43F2-A938-7893AA124C2F}
		{33D1FA5F-2621-4376-9BD4-27A566C38B23} = {821E9D2D-9717-4C8A-BC28-73A86FA26EA8}
		{5E91B3B3-2D75-4053-B4E8-A93F1AA53196} = {821E9D2D-9717-4C8A-BC28-73A86FA26EA8}
		{3C071F9F-62C1-4CBF-9963-DA1D8DAB5F7A} = {821E9D2D-9717-4C8A-BC28-73A86FA26EA8}
		{AC4A2A5D-CC6E-4AF0-9A2D-93C4231D9785} = {821E9D2D-9717-4C8A-BC28-73A86FA26EA8}
		{98C76C76-D63B-4C3E-9192-E3531AAC045E} = {821E9D2D-9717-4C8A-BC28-73A86FA26EA8}
	EndGlobalSection
	GlobalSection(ExtensibilityGlobals) = postSolution
		SolutionGuid = {DD5C2456-73E7-4DB6-8BAC-1D6D268BACC3}
	EndGlobalSection
EndGlobal
