
Microsoft Visual Studio Solution File, Format Version 12.00
# Visual Studio Version 16
VisualStudioVersion = 16.0.30523.141
MinimumVisualStudioVersion = 10.0.40219.1
Project("{2150E333-8FDC-42A3-9474-1A3956D46DE8}") = "StacksAndQueues", "StacksAndQueues", "{5B83A7C8-A966-4B1B-BBC7-4DD20A18D346}"
EndProject
Project("{9A19103F-16F7-4668-BE54-9A1E7A4F7556}") = "L1_1_ReverseStrings", "L1_1_ReverseStrings\L1_1_ReverseStrings.csproj", "{F1982113-108A-4301-9A32-5C1A555655F7}"
EndProject
Project("{9A19103F-16F7-4668-BE54-9A1E7A4F7556}") = "L1_2_StackSum", "L1_2_StackSum\L1_2_StackSum.csproj", "{A0C6C7B9-1C9F-4EAC-8E62-63BB887DE06D}"
EndProject
Project("{9A19103F-16F7-4668-BE54-9A1E7A4F7556}") = "L1_3_SimpleCalculator", "L1_3_SimpleCalculator\L1_3_SimpleCalculator.csproj", "{12B047A7-19C8-43C5-BF68-DF8551BA17FE}"
EndProject
Project("{9A19103F-16F7-4668-BE54-9A1E7A4F7556}") = "L1_4_MatchingBrackets", "L1_4_MatchingBrackets\L1_4_MatchingBrackets.csproj", "{C2448F67-3C9C-4B67-BDFA-9303747881AF}"
EndProject
Project("{9A19103F-16F7-4668-BE54-9A1E7A4F7556}") = "L1_5_PrintEvenNumbers", "L1_5_PrintEvenNumbers\L1_5_PrintEvenNumbers.csproj", "{0A15801A-E2FF-41A7-AEA2-FF09888397FD}"
EndProject
Project("{9A19103F-16F7-4668-BE54-9A1E7A4F7556}") = "L1_6_Supermarket", "L1_6_Supermarket\L1_6_Supermarket.csproj", "{6C4CC98E-C238-4DC0-B5CB-A8EC552985FC}"
EndProject
Project("{9A19103F-16F7-4668-BE54-9A1E7A4F7556}") = "L1_7_HotPotato", "L1_7_HotPotato\L1_7_HotPotato.csproj", "{04D34D8B-6693-4AE7-99C8-0CA0BF140458}"
EndProject
Project("{9A19103F-16F7-4668-BE54-9A1E7A4F7556}") = "L1_8_TrafficJam", "L1_8_TrafficJam\L1_8_TrafficJam.csproj", "{EBDC16B0-D979-4112-9456-ADC3428B04B9}"
EndProject
Project("{9A19103F-16F7-4668-BE54-9A1E7A4F7556}") = "E1_1_BasicStackOperations", "E1_1_BasicStackOperations\E1_1_BasicStackOperations.csproj", "{E0B07D16-6030-4840-BF0C-5802D232E54C}"
EndProject
Project("{9A19103F-16F7-4668-BE54-9A1E7A4F7556}") = "E1_2_BasicQueueOperations", "E1_2_BasicQueueOperations\E1_2_BasicQueueOperations.csproj", "{7FCCF7E6-2F69-4306-AB05-A3B4155E461A}"
EndProject
Project("{9A19103F-16F7-4668-BE54-9A1E7A4F7556}") = "E1_3_MaximumAndMinimumElement", "E1_3_MaximumAndMinimumElement\E1_3_MaximumAndMinimumElement.csproj", "{28C2DAF0-F894-4EF8-BCCA-A83E299BD062}"
EndProject
Project("{9A19103F-16F7-4668-BE54-9A1E7A4F7556}") = "E1_4_FastFood", "E1_4_FastFood\E1_4_FastFood.csproj", "{6C56681A-2A5C-4846-99C4-2536F7F8F7CF}"
EndProject
Project("{9A19103F-16F7-4668-BE54-9A1E7A4F7556}") = "E1_5_FashionBoutique", "E1_5_FashionBoutique\E1_5_FashionBoutique.csproj", "{B07F7964-E461-42D9-95B7-5D138A54EC04}"
EndProject
Project("{9A19103F-16F7-4668-BE54-9A1E7A4F7556}") = "E1_6_SongsQueue", "E1_6_SongsQueue\E1_6_SongsQueue.csproj", "{1B0E797A-441B-46B0-9B0D-A0C56CAD0D23}"
EndProject
Project("{9A19103F-16F7-4668-BE54-9A1E7A4F7556}") = "E1_7_TruckTour", "E1_7_TruckTour\E1_7_TruckTour.csproj", "{CACAA514-7039-4906-AA2F-0B55C626E9FF}"
EndProject
Project("{9A19103F-16F7-4668-BE54-9A1E7A4F7556}") = "E1_8_BalancedParenthesis", "E1_8_BalancedParenthesis\E1_8_BalancedParenthesis.csproj", "{5560D1D3-61E3-4315-A4CC-15D5C491C9B4}"
EndProject
Project("{9A19103F-16F7-4668-BE54-9A1E7A4F7556}") = "E1_9_SimpleTextEditor", "E1_9_SimpleTextEditor\E1_9_SimpleTextEditor.csproj", "{8DFF4452-4D1D-4DEC-9F11-B2429A70A5FB}"
EndProject
Project("{2150E333-8FDC-42A3-9474-1A3956D46DE8}") = "MultidimensionalArrays", "MultidimensionalArrays", "{C024D153-2C7A-47E4-BEB0-E87EC1B86200}"
EndProject
Project("{9A19103F-16F7-4668-BE54-9A1E7A4F7556}") = "L2_1_SumMatrixElements", "L2_1_SumMatrixElements\L2_1_SumMatrixElements.csproj", "{CF8846D8-BAFD-400E-A4BC-C1F3BB7E6604}"
EndProject
Project("{9A19103F-16F7-4668-BE54-9A1E7A4F7556}") = "L2_2_SumMatrixColumns", "L2_2_SumMatrixColumns\L2_2_SumMatrixColumns.csproj", "{CA892D29-3153-4E7E-83F3-8C73C38E1C77}"
EndProject
Project("{9A19103F-16F7-4668-BE54-9A1E7A4F7556}") = "L2_3_PrimaryDiagonal", "L2_3_PrimaryDiagonal\L2_3_PrimaryDiagonal.csproj", "{7CD9E6A5-55D4-41E5-9A3E-3AABC0591029}"
EndProject
Project("{9A19103F-16F7-4668-BE54-9A1E7A4F7556}") = "L2_4_SymbolInMatrix", "L2_4_SymbolInMatrix\L2_4_SymbolInMatrix.csproj", "{03FAA387-6678-40F3-B649-E3958913A3DE}"
EndProject
Project("{9A19103F-16F7-4668-BE54-9A1E7A4F7556}") = "L2_5_SquareWithMaximumSum", "L2_5_SquareWithMaximumSum\L2_5_SquareWithMaximumSum.csproj", "{4A289DBA-8FAD-48CF-A167-8AF4E3326803}"
EndProject
Project("{9A19103F-16F7-4668-BE54-9A1E7A4F7556}") = "L2_6_JaggedArrayModification", "L2_6_JaggedArrayModification\L2_6_JaggedArrayModification.csproj", "{C914343F-B85E-4418-94C4-FC9EB5929239}"
EndProject
Project("{9A19103F-16F7-4668-BE54-9A1E7A4F7556}") = "L2_7_PascalTriangle", "L2_7_PascalTriangle\L2_7_PascalTriangle.csproj", "{53DF8846-EC14-4155-832D-700C7D5B73E5}"
EndProject
Project("{9A19103F-16F7-4668-BE54-9A1E7A4F7556}") = "E2_1_DiagonalDifference", "E2_1_DiagonalDifference\E2_1_DiagonalDifference.csproj", "{0587691A-F40A-4CBE-BBEE-759FB8B426F4}"
EndProject
Project("{9A19103F-16F7-4668-BE54-9A1E7A4F7556}") = "E2_2_SquaresInMatrix", "E2_2_SquaresInMatrix\E2_2_SquaresInMatrix.csproj", "{AC1CC251-A31B-4A89-B6B8-ECA740848D5A}"
EndProject
Project("{9A19103F-16F7-4668-BE54-9A1E7A4F7556}") = "E2_3_MaximalSum", "E2_3_MaximalSum\E2_3_MaximalSum.csproj", "{E007CF45-C814-49B9-AE5F-93E4D553B475}"
EndProject
Project("{9A19103F-16F7-4668-BE54-9A1E7A4F7556}") = "E2_4_MatrixShuffling", "E2_4_MatrixShuffling\E2_4_MatrixShuffling.csproj", "{2AAADE60-F6D6-4F1F-A401-686E0593B787}"
EndProject
Project("{9A19103F-16F7-4668-BE54-9A1E7A4F7556}") = "E2_5_SnakeMoves", "E2_5_SnakeMoves\E2_5_SnakeMoves.csproj", "{19AF6E64-7062-42DC-B4AB-31B5F4783FDC}"
EndProject
Project("{9A19103F-16F7-4668-BE54-9A1E7A4F7556}") = "E2_6_JaggedArrayManipulator", "E2_6_JaggedArrayManipulator\E2_6_JaggedArrayManipulator.csproj", "{F3DA09E1-39C3-42B1-BF65-5EC32CD979E2}"
EndProject
Project("{9A19103F-16F7-4668-BE54-9A1E7A4F7556}") = "E2_7_KnightGame", "E2_7_KnightGame\E2_7_KnightGame.csproj", "{9EEF6C90-4348-4D09-AC0A-5D4356CB4F60}"
EndProject
Project("{2150E333-8FDC-42A3-9474-1A3956D46DE8}") = "SetsAndDictionaries", "SetsAndDictionaries", "{37410EC0-C004-4354-A8AF-9259528F4564}"
EndProject
Project("{9A19103F-16F7-4668-BE54-9A1E7A4F7556}") = "L3_1_CountSameValuesInArray", "L3_1_CountSameValuesInArray\L3_1_CountSameValuesInArray.csproj", "{67AD86D8-B88E-46D0-A080-1DD9FD4D3C04}"
EndProject
Project("{9A19103F-16F7-4668-BE54-9A1E7A4F7556}") = "L3_2_AverageStudentGrades", "L3_2_AverageStudentGrades\L3_2_AverageStudentGrades.csproj", "{84AD9D28-B47D-42AC-BCE8-F13E7D2E2A44}"
EndProject
Project("{9A19103F-16F7-4668-BE54-9A1E7A4F7556}") = "L3_3_ProductShop", "L3_3_ProductShop\L3_3_ProductShop.csproj", "{1CEE7292-00EC-4445-B594-DD590EF249E5}"
EndProject
Project("{9A19103F-16F7-4668-BE54-9A1E7A4F7556}") = "L3_4_CitiesByContinentAndCountry", "L3_4_CitiesByContinentAndCountry\L3_4_CitiesByContinentAndCountry.csproj", "{EB4C3231-233E-488B-97D3-4E17EAE4DCF2}"
EndProject
Project("{9A19103F-16F7-4668-BE54-9A1E7A4F7556}") = "L3_5_RecordUniqueNames", "L3_5_RecordUniqueNames\L3_5_RecordUniqueNames.csproj", "{D2C97EC1-37A2-4281-8F84-03B576D12BB5}"
EndProject
Project("{9A19103F-16F7-4668-BE54-9A1E7A4F7556}") = "L3_6_ParkingLot", "L3_6_ParkingLot\L3_6_ParkingLot.csproj", "{E58BECA9-9B23-4E38-928D-C2924D1D1991}"
EndProject
Project("{9A19103F-16F7-4668-BE54-9A1E7A4F7556}") = "L3_7_SoftUniParty", "L3_7_SoftUniParty\L3_7_SoftUniParty.csproj", "{604DA418-BDB9-42F4-B6A0-5BAD28B8D7E0}"
EndProject
Project("{9A19103F-16F7-4668-BE54-9A1E7A4F7556}") = "E3_1_UniqueUsernames", "E3_1_UniqueUsernames\E3_1_UniqueUsernames.csproj", "{66EA81E0-A1F2-4375-8F08-169CD2ABC788}"
EndProject
Project("{9A19103F-16F7-4668-BE54-9A1E7A4F7556}") = "E3_2_SetsOfElements", "E3_2_SetsOfElements\E3_2_SetsOfElements.csproj", "{CCFD5166-3A1B-4E25-9615-4700F435D213}"
EndProject
Project("{9A19103F-16F7-4668-BE54-9A1E7A4F7556}") = "E3_3_PeriodicTable", "E3_3_PeriodicTable\E3_3_PeriodicTable.csproj", "{B565A75C-E31C-4B40-B4A8-EFF48B8BF262}"
EndProject
Project("{9A19103F-16F7-4668-BE54-9A1E7A4F7556}") = "E3_4_EvenTimes", "E3_4_EvenTimes\E3_4_EvenTimes.csproj", "{3EEFB806-F0FB-476A-AFF9-F17ED1A13FC4}"
EndProject
Project("{9A19103F-16F7-4668-BE54-9A1E7A4F7556}") = "E3_5_CountSymbols", "E3_5_CountSymbols\E3_5_CountSymbols.csproj", "{09B075FB-BDC8-423C-92BB-239F09461E66}"
EndProject
Project("{9A19103F-16F7-4668-BE54-9A1E7A4F7556}") = "E3_6_Wardrobe", "E3_6_Wardrobe\E3_6_Wardrobe.csproj", "{DF0D8C2C-77D5-4915-A6D8-E27BAE62EE3E}"
EndProject
Project("{2150E333-8FDC-42A3-9474-1A3956D46DE8}") = "StreamsFilesAndDirectories", "StreamsFilesAndDirectories", "{D922289F-C3AD-48C3-86C8-697FA2AF94EB}"
EndProject
Project("{9A19103F-16F7-4668-BE54-9A1E7A4F7556}") = "L4_1_OddLines", "L4_1_OddLines\L4_1_OddLines.csproj", "{8CB6F35E-5332-4093-B7DB-9E441F7A0F96}"
EndProject
Project("{9A19103F-16F7-4668-BE54-9A1E7A4F7556}") = "L4_2_LineNumbers", "L4_2_LineNumbers\L4_2_LineNumbers.csproj", "{15071206-29A8-4267-86E8-08526DBFAD93}"
EndProject
Project("{9A19103F-16F7-4668-BE54-9A1E7A4F7556}") = "L4_3_WordCount", "L4_3_WordCount\L4_3_WordCount.csproj", "{80273A42-1FEC-4FCD-A100-DD6E4D0A694C}"
EndProject
Project("{9A19103F-16F7-4668-BE54-9A1E7A4F7556}") = "L4_4_MergeFiles", "L4_4_MergeFiles\L4_4_MergeFiles.csproj", "{86CB5D38-20CC-4D35-A7FC-4A31B5ABE36F}"
EndProject
Project("{9A19103F-16F7-4668-BE54-9A1E7A4F7556}") = "L4_5_SliceAFile", "L4_5_SliceAFile\L4_5_SliceAFile.csproj", "{97522D09-EA33-48FB-925A-1494B0D97075}"
EndProject
Project("{9A19103F-16F7-4668-BE54-9A1E7A4F7556}") = "L4_6_FolderSize", "L4_6_FolderSize\L4_6_FolderSize.csproj", "{7DEE4A6B-4857-4C5F-8CEC-B7A34E06145A}"
EndProject
Project("{9A19103F-16F7-4668-BE54-9A1E7A4F7556}") = "E4_1_EvenLines", "E4_1_EvenLines\E4_1_EvenLines.csproj", "{E81AD55C-87A1-4301-AF97-4CFFA6F718D2}"
EndProject
Project("{9A19103F-16F7-4668-BE54-9A1E7A4F7556}") = "E4_2_LineNumbers", "E4_2_LineNumbers\E4_2_LineNumbers.csproj", "{4CBDF12E-FF53-4136-9580-DFD4F83CCA58}"
EndProject
Project("{9A19103F-16F7-4668-BE54-9A1E7A4F7556}") = "E4_3_WordCount", "E4_3_WordCount\E4_3_WordCount.csproj", "{4F3AA19D-EA05-4314-9A82-DCF924532DA9}"
EndProject
Project("{9A19103F-16F7-4668-BE54-9A1E7A4F7556}") = "E4_4_CopyBinaryFile", "E4_4_CopyBinaryFile\E4_4_CopyBinaryFile.csproj", "{2349C2E2-22A9-4DB6-A606-EB824029A79C}"
EndProject
Project("{9A19103F-16F7-4668-BE54-9A1E7A4F7556}") = "E4_5_DirectoryTraversal", "E4_5_DirectoryTraversal\E4_5_DirectoryTraversal.csproj", "{78AC5893-6042-45EF-94A4-44DB233030EB}"
EndProject
Project("{9A19103F-16F7-4668-BE54-9A1E7A4F7556}") = "E4_6_ZipAndExtract", "E4_6_ZipAndExtract\E4_6_ZipAndExtract.csproj", "{373CE779-16B7-4D5A-B9F8-304AB12E243C}"
EndProject
Project("{2150E333-8FDC-42A3-9474-1A3956D46DE8}") = "FunctionalProgramming", "FunctionalProgramming", "{8B93E6FE-5E96-46AD-B3A0-2B2726538F18}"
EndProject
Project("{9A19103F-16F7-4668-BE54-9A1E7A4F7556}") = "L5_1_SortEvenNumbers", "L5_1_SortEvenNumbers\L5_1_SortEvenNumbers.csproj", "{B40CA779-A57D-4C87-88AB-A6E9353623C2}"
EndProject
Project("{9A19103F-16F7-4668-BE54-9A1E7A4F7556}") = "L5_2_SumNumbers", "L5_2_SumNumbers\L5_2_SumNumbers.csproj", "{CF438728-3B0F-42CA-8B19-834BB048D80A}"
EndProject
Project("{9A19103F-16F7-4668-BE54-9A1E7A4F7556}") = "L5_3_CountUppercaseWords", "L5_3_CountUppercaseWords\L5_3_CountUppercaseWords.csproj", "{F1201A75-94A2-4AE5-915C-0DD341348504}"
EndProject
Project("{9A19103F-16F7-4668-BE54-9A1E7A4F7556}") = "L5_4_AddVAT", "L5_4_AddVAT\L5_4_AddVAT.csproj", "{C90F7DA7-F42B-4C8A-A523-291D98132F30}"
EndProject
Project("{9A19103F-16F7-4668-BE54-9A1E7A4F7556}") = "L5_5_FilterByAge", "L5_5_FilterByAge\L5_5_FilterByAge.csproj", "{429801CC-C615-4A32-85DF-C4D548C3F5A3}"
EndProject
Project("{9A19103F-16F7-4668-BE54-9A1E7A4F7556}") = "E5_1_ActionPoint", "E5_1_ActionPoint\E5_1_ActionPoint.csproj", "{6152547E-7B8C-4A15-BD10-9F5E4A58B389}"
EndProject
Project("{9A19103F-16F7-4668-BE54-9A1E7A4F7556}") = "E5_2_KnightsOfHonor", "E5_2_KnightsOfHonor\E5_2_KnightsOfHonor.csproj", "{BCA59E36-15C2-42B0-8C17-CCA813528439}"
EndProject
Project("{9A19103F-16F7-4668-BE54-9A1E7A4F7556}") = "E5_3_CustomMinFunction", "E5_3_CustomMinFunction\E5_3_CustomMinFunction.csproj", "{B3C18362-5EBD-43B3-8095-E5700CE00106}"
EndProject
Project("{9A19103F-16F7-4668-BE54-9A1E7A4F7556}") = "E5_4_FindEvensOrOdds", "E5_4_FindEvensOrOdds\E5_4_FindEvensOrOdds.csproj", "{196A95CA-CFAC-4252-B484-9B3ECDE698A0}"
EndProject
Project("{9A19103F-16F7-4668-BE54-9A1E7A4F7556}") = "E5_5_AppliedArithmetics", "E5_5_AppliedArithmetics\E5_5_AppliedArithmetics.csproj", "{740D14C5-7986-4E3D-9DAF-78359429BA20}"
EndProject
Project("{9A19103F-16F7-4668-BE54-9A1E7A4F7556}") = "E5_6_ReverseAndExclude", "E5_6_ReverseAndExclude\E5_6_ReverseAndExclude.csproj", "{65E7741E-F5BC-415D-BD62-0C55939A75C5}"
EndProject
Project("{9A19103F-16F7-4668-BE54-9A1E7A4F7556}") = "E5_7_PredicateForNames", "E5_7_PredicateForNames\E5_7_PredicateForNames.csproj", "{DD9F3848-1B48-4313-BA35-1ED16FBA119E}"
EndProject
Project("{9A19103F-16F7-4668-BE54-9A1E7A4F7556}") = "E5_9_ListOfPredicates", "E5_9_ListOfPredicates\E5_9_ListOfPredicates.csproj", "{651AE72C-6DD4-4967-A912-666D90854C98}"
EndProject
Project("{9A19103F-16F7-4668-BE54-9A1E7A4F7556}") = "E5_10_PredicateParty", "E5_10_PredicateParty\E5_10_PredicateParty.csproj", "{1007A0EB-69E9-4CEF-A421-2740B763AF17}"
EndProject
Project("{9A19103F-16F7-4668-BE54-9A1E7A4F7556}") = "E5_11_PartyReservationFilterModule", "E5_11_PartyReservationFilterModule\E5_11_PartyReservationFilterModule.csproj", "{321CAEE7-BCD7-428A-B107-991740884DBD}"
EndProject
Project("{9A19103F-16F7-4668-BE54-9A1E7A4F7556}") = "E5_12_TriFunction", "E5_12_TriFunction\E5_12_TriFunction.csproj", "{204B6CBF-24A4-47D8-9BBC-7DE9B7149DA2}"
EndProject
Project("{2150E333-8FDC-42A3-9474-1A3956D46DE8}") = "DefiningClasses", "DefiningClasses", "{BCCD7DF9-64C0-44E8-B72C-702D58D399A8}"
EndProject
Project("{FAE04EC0-301F-11D3-BF4B-00C04F79EFBC}") = "L6_CarManufacturer_Refactored", "L6_CarManufacturer_Refactored\L6_CarManufacturer_Refactored.csproj", "{CC7DB932-47AC-451D-8AAB-D9823CD5BF44}"
EndProject
Global
	GlobalSection(SolutionConfigurationPlatforms) = preSolution
		Debug|Any CPU = Debug|Any CPU
		Release|Any CPU = Release|Any CPU
	EndGlobalSection
	GlobalSection(ProjectConfigurationPlatforms) = postSolution
		{F1982113-108A-4301-9A32-5C1A555655F7}.Debug|Any CPU.ActiveCfg = Debug|Any CPU
		{F1982113-108A-4301-9A32-5C1A555655F7}.Debug|Any CPU.Build.0 = Debug|Any CPU
		{F1982113-108A-4301-9A32-5C1A555655F7}.Release|Any CPU.ActiveCfg = Release|Any CPU
		{F1982113-108A-4301-9A32-5C1A555655F7}.Release|Any CPU.Build.0 = Release|Any CPU
		{A0C6C7B9-1C9F-4EAC-8E62-63BB887DE06D}.Debug|Any CPU.ActiveCfg = Debug|Any CPU
		{A0C6C7B9-1C9F-4EAC-8E62-63BB887DE06D}.Debug|Any CPU.Build.0 = Debug|Any CPU
		{A0C6C7B9-1C9F-4EAC-8E62-63BB887DE06D}.Release|Any CPU.ActiveCfg = Release|Any CPU
		{A0C6C7B9-1C9F-4EAC-8E62-63BB887DE06D}.Release|Any CPU.Build.0 = Release|Any CPU
		{12B047A7-19C8-43C5-BF68-DF8551BA17FE}.Debug|Any CPU.ActiveCfg = Debug|Any CPU
		{12B047A7-19C8-43C5-BF68-DF8551BA17FE}.Debug|Any CPU.Build.0 = Debug|Any CPU
		{12B047A7-19C8-43C5-BF68-DF8551BA17FE}.Release|Any CPU.ActiveCfg = Release|Any CPU
		{12B047A7-19C8-43C5-BF68-DF8551BA17FE}.Release|Any CPU.Build.0 = Release|Any CPU
		{C2448F67-3C9C-4B67-BDFA-9303747881AF}.Debug|Any CPU.ActiveCfg = Debug|Any CPU
		{C2448F67-3C9C-4B67-BDFA-9303747881AF}.Debug|Any CPU.Build.0 = Debug|Any CPU
		{C2448F67-3C9C-4B67-BDFA-9303747881AF}.Release|Any CPU.ActiveCfg = Release|Any CPU
		{C2448F67-3C9C-4B67-BDFA-9303747881AF}.Release|Any CPU.Build.0 = Release|Any CPU
		{0A15801A-E2FF-41A7-AEA2-FF09888397FD}.Debug|Any CPU.ActiveCfg = Debug|Any CPU
		{0A15801A-E2FF-41A7-AEA2-FF09888397FD}.Debug|Any CPU.Build.0 = Debug|Any CPU
		{0A15801A-E2FF-41A7-AEA2-FF09888397FD}.Release|Any CPU.ActiveCfg = Release|Any CPU
		{0A15801A-E2FF-41A7-AEA2-FF09888397FD}.Release|Any CPU.Build.0 = Release|Any CPU
		{6C4CC98E-C238-4DC0-B5CB-A8EC552985FC}.Debug|Any CPU.ActiveCfg = Debug|Any CPU
		{6C4CC98E-C238-4DC0-B5CB-A8EC552985FC}.Debug|Any CPU.Build.0 = Debug|Any CPU
		{6C4CC98E-C238-4DC0-B5CB-A8EC552985FC}.Release|Any CPU.ActiveCfg = Release|Any CPU
		{6C4CC98E-C238-4DC0-B5CB-A8EC552985FC}.Release|Any CPU.Build.0 = Release|Any CPU
		{04D34D8B-6693-4AE7-99C8-0CA0BF140458}.Debug|Any CPU.ActiveCfg = Debug|Any CPU
		{04D34D8B-6693-4AE7-99C8-0CA0BF140458}.Debug|Any CPU.Build.0 = Debug|Any CPU
		{04D34D8B-6693-4AE7-99C8-0CA0BF140458}.Release|Any CPU.ActiveCfg = Release|Any CPU
		{04D34D8B-6693-4AE7-99C8-0CA0BF140458}.Release|Any CPU.Build.0 = Release|Any CPU
		{EBDC16B0-D979-4112-9456-ADC3428B04B9}.Debug|Any CPU.ActiveCfg = Debug|Any CPU
		{EBDC16B0-D979-4112-9456-ADC3428B04B9}.Debug|Any CPU.Build.0 = Debug|Any CPU
		{EBDC16B0-D979-4112-9456-ADC3428B04B9}.Release|Any CPU.ActiveCfg = Release|Any CPU
		{EBDC16B0-D979-4112-9456-ADC3428B04B9}.Release|Any CPU.Build.0 = Release|Any CPU
		{E0B07D16-6030-4840-BF0C-5802D232E54C}.Debug|Any CPU.ActiveCfg = Debug|Any CPU
		{E0B07D16-6030-4840-BF0C-5802D232E54C}.Debug|Any CPU.Build.0 = Debug|Any CPU
		{E0B07D16-6030-4840-BF0C-5802D232E54C}.Release|Any CPU.ActiveCfg = Release|Any CPU
		{E0B07D16-6030-4840-BF0C-5802D232E54C}.Release|Any CPU.Build.0 = Release|Any CPU
		{7FCCF7E6-2F69-4306-AB05-A3B4155E461A}.Debug|Any CPU.ActiveCfg = Debug|Any CPU
		{7FCCF7E6-2F69-4306-AB05-A3B4155E461A}.Debug|Any CPU.Build.0 = Debug|Any CPU
		{7FCCF7E6-2F69-4306-AB05-A3B4155E461A}.Release|Any CPU.ActiveCfg = Release|Any CPU
		{7FCCF7E6-2F69-4306-AB05-A3B4155E461A}.Release|Any CPU.Build.0 = Release|Any CPU
		{28C2DAF0-F894-4EF8-BCCA-A83E299BD062}.Debug|Any CPU.ActiveCfg = Debug|Any CPU
		{28C2DAF0-F894-4EF8-BCCA-A83E299BD062}.Debug|Any CPU.Build.0 = Debug|Any CPU
		{28C2DAF0-F894-4EF8-BCCA-A83E299BD062}.Release|Any CPU.ActiveCfg = Release|Any CPU
		{28C2DAF0-F894-4EF8-BCCA-A83E299BD062}.Release|Any CPU.Build.0 = Release|Any CPU
		{6C56681A-2A5C-4846-99C4-2536F7F8F7CF}.Debug|Any CPU.ActiveCfg = Debug|Any CPU
		{6C56681A-2A5C-4846-99C4-2536F7F8F7CF}.Debug|Any CPU.Build.0 = Debug|Any CPU
		{6C56681A-2A5C-4846-99C4-2536F7F8F7CF}.Release|Any CPU.ActiveCfg = Release|Any CPU
		{6C56681A-2A5C-4846-99C4-2536F7F8F7CF}.Release|Any CPU.Build.0 = Release|Any CPU
		{B07F7964-E461-42D9-95B7-5D138A54EC04}.Debug|Any CPU.ActiveCfg = Debug|Any CPU
		{B07F7964-E461-42D9-95B7-5D138A54EC04}.Debug|Any CPU.Build.0 = Debug|Any CPU
		{B07F7964-E461-42D9-95B7-5D138A54EC04}.Release|Any CPU.ActiveCfg = Release|Any CPU
		{B07F7964-E461-42D9-95B7-5D138A54EC04}.Release|Any CPU.Build.0 = Release|Any CPU
		{1B0E797A-441B-46B0-9B0D-A0C56CAD0D23}.Debug|Any CPU.ActiveCfg = Debug|Any CPU
		{1B0E797A-441B-46B0-9B0D-A0C56CAD0D23}.Debug|Any CPU.Build.0 = Debug|Any CPU
		{1B0E797A-441B-46B0-9B0D-A0C56CAD0D23}.Release|Any CPU.ActiveCfg = Release|Any CPU
		{1B0E797A-441B-46B0-9B0D-A0C56CAD0D23}.Release|Any CPU.Build.0 = Release|Any CPU
		{CACAA514-7039-4906-AA2F-0B55C626E9FF}.Debug|Any CPU.ActiveCfg = Debug|Any CPU
		{CACAA514-7039-4906-AA2F-0B55C626E9FF}.Debug|Any CPU.Build.0 = Debug|Any CPU
		{CACAA514-7039-4906-AA2F-0B55C626E9FF}.Release|Any CPU.ActiveCfg = Release|Any CPU
		{CACAA514-7039-4906-AA2F-0B55C626E9FF}.Release|Any CPU.Build.0 = Release|Any CPU
		{5560D1D3-61E3-4315-A4CC-15D5C491C9B4}.Debug|Any CPU.ActiveCfg = Debug|Any CPU
		{5560D1D3-61E3-4315-A4CC-15D5C491C9B4}.Debug|Any CPU.Build.0 = Debug|Any CPU
		{5560D1D3-61E3-4315-A4CC-15D5C491C9B4}.Release|Any CPU.ActiveCfg = Release|Any CPU
		{5560D1D3-61E3-4315-A4CC-15D5C491C9B4}.Release|Any CPU.Build.0 = Release|Any CPU
		{8DFF4452-4D1D-4DEC-9F11-B2429A70A5FB}.Debug|Any CPU.ActiveCfg = Debug|Any CPU
		{8DFF4452-4D1D-4DEC-9F11-B2429A70A5FB}.Debug|Any CPU.Build.0 = Debug|Any CPU
		{8DFF4452-4D1D-4DEC-9F11-B2429A70A5FB}.Release|Any CPU.ActiveCfg = Release|Any CPU
		{8DFF4452-4D1D-4DEC-9F11-B2429A70A5FB}.Release|Any CPU.Build.0 = Release|Any CPU
		{CF8846D8-BAFD-400E-A4BC-C1F3BB7E6604}.Debug|Any CPU.ActiveCfg = Debug|Any CPU
		{CF8846D8-BAFD-400E-A4BC-C1F3BB7E6604}.Debug|Any CPU.Build.0 = Debug|Any CPU
		{CF8846D8-BAFD-400E-A4BC-C1F3BB7E6604}.Release|Any CPU.ActiveCfg = Release|Any CPU
		{CF8846D8-BAFD-400E-A4BC-C1F3BB7E6604}.Release|Any CPU.Build.0 = Release|Any CPU
		{CA892D29-3153-4E7E-83F3-8C73C38E1C77}.Debug|Any CPU.ActiveCfg = Debug|Any CPU
		{CA892D29-3153-4E7E-83F3-8C73C38E1C77}.Debug|Any CPU.Build.0 = Debug|Any CPU
		{CA892D29-3153-4E7E-83F3-8C73C38E1C77}.Release|Any CPU.ActiveCfg = Release|Any CPU
		{CA892D29-3153-4E7E-83F3-8C73C38E1C77}.Release|Any CPU.Build.0 = Release|Any CPU
		{7CD9E6A5-55D4-41E5-9A3E-3AABC0591029}.Debug|Any CPU.ActiveCfg = Debug|Any CPU
		{7CD9E6A5-55D4-41E5-9A3E-3AABC0591029}.Debug|Any CPU.Build.0 = Debug|Any CPU
		{7CD9E6A5-55D4-41E5-9A3E-3AABC0591029}.Release|Any CPU.ActiveCfg = Release|Any CPU
		{7CD9E6A5-55D4-41E5-9A3E-3AABC0591029}.Release|Any CPU.Build.0 = Release|Any CPU
		{03FAA387-6678-40F3-B649-E3958913A3DE}.Debug|Any CPU.ActiveCfg = Debug|Any CPU
		{03FAA387-6678-40F3-B649-E3958913A3DE}.Debug|Any CPU.Build.0 = Debug|Any CPU
		{03FAA387-6678-40F3-B649-E3958913A3DE}.Release|Any CPU.ActiveCfg = Release|Any CPU
		{03FAA387-6678-40F3-B649-E3958913A3DE}.Release|Any CPU.Build.0 = Release|Any CPU
		{4A289DBA-8FAD-48CF-A167-8AF4E3326803}.Debug|Any CPU.ActiveCfg = Debug|Any CPU
		{4A289DBA-8FAD-48CF-A167-8AF4E3326803}.Debug|Any CPU.Build.0 = Debug|Any CPU
		{4A289DBA-8FAD-48CF-A167-8AF4E3326803}.Release|Any CPU.ActiveCfg = Release|Any CPU
		{4A289DBA-8FAD-48CF-A167-8AF4E3326803}.Release|Any CPU.Build.0 = Release|Any CPU
		{C914343F-B85E-4418-94C4-FC9EB5929239}.Debug|Any CPU.ActiveCfg = Debug|Any CPU
		{C914343F-B85E-4418-94C4-FC9EB5929239}.Debug|Any CPU.Build.0 = Debug|Any CPU
		{C914343F-B85E-4418-94C4-FC9EB5929239}.Release|Any CPU.ActiveCfg = Release|Any CPU
		{C914343F-B85E-4418-94C4-FC9EB5929239}.Release|Any CPU.Build.0 = Release|Any CPU
		{53DF8846-EC14-4155-832D-700C7D5B73E5}.Debug|Any CPU.ActiveCfg = Debug|Any CPU
		{53DF8846-EC14-4155-832D-700C7D5B73E5}.Debug|Any CPU.Build.0 = Debug|Any CPU
		{53DF8846-EC14-4155-832D-700C7D5B73E5}.Release|Any CPU.ActiveCfg = Release|Any CPU
		{53DF8846-EC14-4155-832D-700C7D5B73E5}.Release|Any CPU.Build.0 = Release|Any CPU
		{0587691A-F40A-4CBE-BBEE-759FB8B426F4}.Debug|Any CPU.ActiveCfg = Debug|Any CPU
		{0587691A-F40A-4CBE-BBEE-759FB8B426F4}.Debug|Any CPU.Build.0 = Debug|Any CPU
		{0587691A-F40A-4CBE-BBEE-759FB8B426F4}.Release|Any CPU.ActiveCfg = Release|Any CPU
		{0587691A-F40A-4CBE-BBEE-759FB8B426F4}.Release|Any CPU.Build.0 = Release|Any CPU
		{AC1CC251-A31B-4A89-B6B8-ECA740848D5A}.Debug|Any CPU.ActiveCfg = Debug|Any CPU
		{AC1CC251-A31B-4A89-B6B8-ECA740848D5A}.Debug|Any CPU.Build.0 = Debug|Any CPU
		{AC1CC251-A31B-4A89-B6B8-ECA740848D5A}.Release|Any CPU.ActiveCfg = Release|Any CPU
		{AC1CC251-A31B-4A89-B6B8-ECA740848D5A}.Release|Any CPU.Build.0 = Release|Any CPU
		{E007CF45-C814-49B9-AE5F-93E4D553B475}.Debug|Any CPU.ActiveCfg = Debug|Any CPU
		{E007CF45-C814-49B9-AE5F-93E4D553B475}.Debug|Any CPU.Build.0 = Debug|Any CPU
		{E007CF45-C814-49B9-AE5F-93E4D553B475}.Release|Any CPU.ActiveCfg = Release|Any CPU
		{E007CF45-C814-49B9-AE5F-93E4D553B475}.Release|Any CPU.Build.0 = Release|Any CPU
		{2AAADE60-F6D6-4F1F-A401-686E0593B787}.Debug|Any CPU.ActiveCfg = Debug|Any CPU
		{2AAADE60-F6D6-4F1F-A401-686E0593B787}.Debug|Any CPU.Build.0 = Debug|Any CPU
		{2AAADE60-F6D6-4F1F-A401-686E0593B787}.Release|Any CPU.ActiveCfg = Release|Any CPU
		{2AAADE60-F6D6-4F1F-A401-686E0593B787}.Release|Any CPU.Build.0 = Release|Any CPU
		{19AF6E64-7062-42DC-B4AB-31B5F4783FDC}.Debug|Any CPU.ActiveCfg = Debug|Any CPU
		{19AF6E64-7062-42DC-B4AB-31B5F4783FDC}.Debug|Any CPU.Build.0 = Debug|Any CPU
		{19AF6E64-7062-42DC-B4AB-31B5F4783FDC}.Release|Any CPU.ActiveCfg = Release|Any CPU
		{19AF6E64-7062-42DC-B4AB-31B5F4783FDC}.Release|Any CPU.Build.0 = Release|Any CPU
		{F3DA09E1-39C3-42B1-BF65-5EC32CD979E2}.Debug|Any CPU.ActiveCfg = Debug|Any CPU
		{F3DA09E1-39C3-42B1-BF65-5EC32CD979E2}.Debug|Any CPU.Build.0 = Debug|Any CPU
		{F3DA09E1-39C3-42B1-BF65-5EC32CD979E2}.Release|Any CPU.ActiveCfg = Release|Any CPU
		{F3DA09E1-39C3-42B1-BF65-5EC32CD979E2}.Release|Any CPU.Build.0 = Release|Any CPU
		{9EEF6C90-4348-4D09-AC0A-5D4356CB4F60}.Debug|Any CPU.ActiveCfg = Debug|Any CPU
		{9EEF6C90-4348-4D09-AC0A-5D4356CB4F60}.Debug|Any CPU.Build.0 = Debug|Any CPU
		{9EEF6C90-4348-4D09-AC0A-5D4356CB4F60}.Release|Any CPU.ActiveCfg = Release|Any CPU
		{9EEF6C90-4348-4D09-AC0A-5D4356CB4F60}.Release|Any CPU.Build.0 = Release|Any CPU
		{67AD86D8-B88E-46D0-A080-1DD9FD4D3C04}.Debug|Any CPU.ActiveCfg = Debug|Any CPU
		{67AD86D8-B88E-46D0-A080-1DD9FD4D3C04}.Debug|Any CPU.Build.0 = Debug|Any CPU
		{67AD86D8-B88E-46D0-A080-1DD9FD4D3C04}.Release|Any CPU.ActiveCfg = Release|Any CPU
		{67AD86D8-B88E-46D0-A080-1DD9FD4D3C04}.Release|Any CPU.Build.0 = Release|Any CPU
		{84AD9D28-B47D-42AC-BCE8-F13E7D2E2A44}.Debug|Any CPU.ActiveCfg = Debug|Any CPU
		{84AD9D28-B47D-42AC-BCE8-F13E7D2E2A44}.Debug|Any CPU.Build.0 = Debug|Any CPU
		{84AD9D28-B47D-42AC-BCE8-F13E7D2E2A44}.Release|Any CPU.ActiveCfg = Release|Any CPU
		{84AD9D28-B47D-42AC-BCE8-F13E7D2E2A44}.Release|Any CPU.Build.0 = Release|Any CPU
		{1CEE7292-00EC-4445-B594-DD590EF249E5}.Debug|Any CPU.ActiveCfg = Debug|Any CPU
		{1CEE7292-00EC-4445-B594-DD590EF249E5}.Debug|Any CPU.Build.0 = Debug|Any CPU
		{1CEE7292-00EC-4445-B594-DD590EF249E5}.Release|Any CPU.ActiveCfg = Release|Any CPU
		{1CEE7292-00EC-4445-B594-DD590EF249E5}.Release|Any CPU.Build.0 = Release|Any CPU
		{EB4C3231-233E-488B-97D3-4E17EAE4DCF2}.Debug|Any CPU.ActiveCfg = Debug|Any CPU
		{EB4C3231-233E-488B-97D3-4E17EAE4DCF2}.Debug|Any CPU.Build.0 = Debug|Any CPU
		{EB4C3231-233E-488B-97D3-4E17EAE4DCF2}.Release|Any CPU.ActiveCfg = Release|Any CPU
		{EB4C3231-233E-488B-97D3-4E17EAE4DCF2}.Release|Any CPU.Build.0 = Release|Any CPU
		{D2C97EC1-37A2-4281-8F84-03B576D12BB5}.Debug|Any CPU.ActiveCfg = Debug|Any CPU
		{D2C97EC1-37A2-4281-8F84-03B576D12BB5}.Debug|Any CPU.Build.0 = Debug|Any CPU
		{D2C97EC1-37A2-4281-8F84-03B576D12BB5}.Release|Any CPU.ActiveCfg = Release|Any CPU
		{D2C97EC1-37A2-4281-8F84-03B576D12BB5}.Release|Any CPU.Build.0 = Release|Any CPU
		{E58BECA9-9B23-4E38-928D-C2924D1D1991}.Debug|Any CPU.ActiveCfg = Debug|Any CPU
		{E58BECA9-9B23-4E38-928D-C2924D1D1991}.Debug|Any CPU.Build.0 = Debug|Any CPU
		{E58BECA9-9B23-4E38-928D-C2924D1D1991}.Release|Any CPU.ActiveCfg = Release|Any CPU
		{E58BECA9-9B23-4E38-928D-C2924D1D1991}.Release|Any CPU.Build.0 = Release|Any CPU
		{604DA418-BDB9-42F4-B6A0-5BAD28B8D7E0}.Debug|Any CPU.ActiveCfg = Debug|Any CPU
		{604DA418-BDB9-42F4-B6A0-5BAD28B8D7E0}.Debug|Any CPU.Build.0 = Debug|Any CPU
		{604DA418-BDB9-42F4-B6A0-5BAD28B8D7E0}.Release|Any CPU.ActiveCfg = Release|Any CPU
		{604DA418-BDB9-42F4-B6A0-5BAD28B8D7E0}.Release|Any CPU.Build.0 = Release|Any CPU
		{66EA81E0-A1F2-4375-8F08-169CD2ABC788}.Debug|Any CPU.ActiveCfg = Debug|Any CPU
		{66EA81E0-A1F2-4375-8F08-169CD2ABC788}.Debug|Any CPU.Build.0 = Debug|Any CPU
		{66EA81E0-A1F2-4375-8F08-169CD2ABC788}.Release|Any CPU.ActiveCfg = Release|Any CPU
		{66EA81E0-A1F2-4375-8F08-169CD2ABC788}.Release|Any CPU.Build.0 = Release|Any CPU
		{CCFD5166-3A1B-4E25-9615-4700F435D213}.Debug|Any CPU.ActiveCfg = Debug|Any CPU
		{CCFD5166-3A1B-4E25-9615-4700F435D213}.Debug|Any CPU.Build.0 = Debug|Any CPU
		{CCFD5166-3A1B-4E25-9615-4700F435D213}.Release|Any CPU.ActiveCfg = Release|Any CPU
		{CCFD5166-3A1B-4E25-9615-4700F435D213}.Release|Any CPU.Build.0 = Release|Any CPU
		{B565A75C-E31C-4B40-B4A8-EFF48B8BF262}.Debug|Any CPU.ActiveCfg = Debug|Any CPU
		{B565A75C-E31C-4B40-B4A8-EFF48B8BF262}.Debug|Any CPU.Build.0 = Debug|Any CPU
		{B565A75C-E31C-4B40-B4A8-EFF48B8BF262}.Release|Any CPU.ActiveCfg = Release|Any CPU
		{B565A75C-E31C-4B40-B4A8-EFF48B8BF262}.Release|Any CPU.Build.0 = Release|Any CPU
		{3EEFB806-F0FB-476A-AFF9-F17ED1A13FC4}.Debug|Any CPU.ActiveCfg = Debug|Any CPU
		{3EEFB806-F0FB-476A-AFF9-F17ED1A13FC4}.Debug|Any CPU.Build.0 = Debug|Any CPU
		{3EEFB806-F0FB-476A-AFF9-F17ED1A13FC4}.Release|Any CPU.ActiveCfg = Release|Any CPU
		{3EEFB806-F0FB-476A-AFF9-F17ED1A13FC4}.Release|Any CPU.Build.0 = Release|Any CPU
		{09B075FB-BDC8-423C-92BB-239F09461E66}.Debug|Any CPU.ActiveCfg = Debug|Any CPU
		{09B075FB-BDC8-423C-92BB-239F09461E66}.Debug|Any CPU.Build.0 = Debug|Any CPU
		{09B075FB-BDC8-423C-92BB-239F09461E66}.Release|Any CPU.ActiveCfg = Release|Any CPU
		{09B075FB-BDC8-423C-92BB-239F09461E66}.Release|Any CPU.Build.0 = Release|Any CPU
		{DF0D8C2C-77D5-4915-A6D8-E27BAE62EE3E}.Debug|Any CPU.ActiveCfg = Debug|Any CPU
		{DF0D8C2C-77D5-4915-A6D8-E27BAE62EE3E}.Debug|Any CPU.Build.0 = Debug|Any CPU
		{DF0D8C2C-77D5-4915-A6D8-E27BAE62EE3E}.Release|Any CPU.ActiveCfg = Release|Any CPU
		{DF0D8C2C-77D5-4915-A6D8-E27BAE62EE3E}.Release|Any CPU.Build.0 = Release|Any CPU
		{8CB6F35E-5332-4093-B7DB-9E441F7A0F96}.Debug|Any CPU.ActiveCfg = Debug|Any CPU
		{8CB6F35E-5332-4093-B7DB-9E441F7A0F96}.Debug|Any CPU.Build.0 = Debug|Any CPU
		{8CB6F35E-5332-4093-B7DB-9E441F7A0F96}.Release|Any CPU.ActiveCfg = Release|Any CPU
		{8CB6F35E-5332-4093-B7DB-9E441F7A0F96}.Release|Any CPU.Build.0 = Release|Any CPU
		{15071206-29A8-4267-86E8-08526DBFAD93}.Debug|Any CPU.ActiveCfg = Debug|Any CPU
		{15071206-29A8-4267-86E8-08526DBFAD93}.Debug|Any CPU.Build.0 = Debug|Any CPU
		{15071206-29A8-4267-86E8-08526DBFAD93}.Release|Any CPU.ActiveCfg = Release|Any CPU
		{15071206-29A8-4267-86E8-08526DBFAD93}.Release|Any CPU.Build.0 = Release|Any CPU
		{80273A42-1FEC-4FCD-A100-DD6E4D0A694C}.Debug|Any CPU.ActiveCfg = Debug|Any CPU
		{80273A42-1FEC-4FCD-A100-DD6E4D0A694C}.Debug|Any CPU.Build.0 = Debug|Any CPU
		{80273A42-1FEC-4FCD-A100-DD6E4D0A694C}.Release|Any CPU.ActiveCfg = Release|Any CPU
		{80273A42-1FEC-4FCD-A100-DD6E4D0A694C}.Release|Any CPU.Build.0 = Release|Any CPU
		{86CB5D38-20CC-4D35-A7FC-4A31B5ABE36F}.Debug|Any CPU.ActiveCfg = Debug|Any CPU
		{86CB5D38-20CC-4D35-A7FC-4A31B5ABE36F}.Debug|Any CPU.Build.0 = Debug|Any CPU
		{86CB5D38-20CC-4D35-A7FC-4A31B5ABE36F}.Release|Any CPU.ActiveCfg = Release|Any CPU
		{86CB5D38-20CC-4D35-A7FC-4A31B5ABE36F}.Release|Any CPU.Build.0 = Release|Any CPU
		{97522D09-EA33-48FB-925A-1494B0D97075}.Debug|Any CPU.ActiveCfg = Debug|Any CPU
		{97522D09-EA33-48FB-925A-1494B0D97075}.Debug|Any CPU.Build.0 = Debug|Any CPU
		{97522D09-EA33-48FB-925A-1494B0D97075}.Release|Any CPU.ActiveCfg = Release|Any CPU
		{97522D09-EA33-48FB-925A-1494B0D97075}.Release|Any CPU.Build.0 = Release|Any CPU
		{7DEE4A6B-4857-4C5F-8CEC-B7A34E06145A}.Debug|Any CPU.ActiveCfg = Debug|Any CPU
		{7DEE4A6B-4857-4C5F-8CEC-B7A34E06145A}.Debug|Any CPU.Build.0 = Debug|Any CPU
		{7DEE4A6B-4857-4C5F-8CEC-B7A34E06145A}.Release|Any CPU.ActiveCfg = Release|Any CPU
		{7DEE4A6B-4857-4C5F-8CEC-B7A34E06145A}.Release|Any CPU.Build.0 = Release|Any CPU
		{E81AD55C-87A1-4301-AF97-4CFFA6F718D2}.Debug|Any CPU.ActiveCfg = Debug|Any CPU
		{E81AD55C-87A1-4301-AF97-4CFFA6F718D2}.Debug|Any CPU.Build.0 = Debug|Any CPU
		{E81AD55C-87A1-4301-AF97-4CFFA6F718D2}.Release|Any CPU.ActiveCfg = Release|Any CPU
		{E81AD55C-87A1-4301-AF97-4CFFA6F718D2}.Release|Any CPU.Build.0 = Release|Any CPU
		{4CBDF12E-FF53-4136-9580-DFD4F83CCA58}.Debug|Any CPU.ActiveCfg = Debug|Any CPU
		{4CBDF12E-FF53-4136-9580-DFD4F83CCA58}.Debug|Any CPU.Build.0 = Debug|Any CPU
		{4CBDF12E-FF53-4136-9580-DFD4F83CCA58}.Release|Any CPU.ActiveCfg = Release|Any CPU
		{4CBDF12E-FF53-4136-9580-DFD4F83CCA58}.Release|Any CPU.Build.0 = Release|Any CPU
		{4F3AA19D-EA05-4314-9A82-DCF924532DA9}.Debug|Any CPU.ActiveCfg = Debug|Any CPU
		{4F3AA19D-EA05-4314-9A82-DCF924532DA9}.Debug|Any CPU.Build.0 = Debug|Any CPU
		{4F3AA19D-EA05-4314-9A82-DCF924532DA9}.Release|Any CPU.ActiveCfg = Release|Any CPU
		{4F3AA19D-EA05-4314-9A82-DCF924532DA9}.Release|Any CPU.Build.0 = Release|Any CPU
		{2349C2E2-22A9-4DB6-A606-EB824029A79C}.Debug|Any CPU.ActiveCfg = Debug|Any CPU
		{2349C2E2-22A9-4DB6-A606-EB824029A79C}.Debug|Any CPU.Build.0 = Debug|Any CPU
		{2349C2E2-22A9-4DB6-A606-EB824029A79C}.Release|Any CPU.ActiveCfg = Release|Any CPU
		{2349C2E2-22A9-4DB6-A606-EB824029A79C}.Release|Any CPU.Build.0 = Release|Any CPU
		{78AC5893-6042-45EF-94A4-44DB233030EB}.Debug|Any CPU.ActiveCfg = Debug|Any CPU
		{78AC5893-6042-45EF-94A4-44DB233030EB}.Debug|Any CPU.Build.0 = Debug|Any CPU
		{78AC5893-6042-45EF-94A4-44DB233030EB}.Release|Any CPU.ActiveCfg = Release|Any CPU
		{78AC5893-6042-45EF-94A4-44DB233030EB}.Release|Any CPU.Build.0 = Release|Any CPU
		{373CE779-16B7-4D5A-B9F8-304AB12E243C}.Debug|Any CPU.ActiveCfg = Debug|Any CPU
		{373CE779-16B7-4D5A-B9F8-304AB12E243C}.Debug|Any CPU.Build.0 = Debug|Any CPU
		{373CE779-16B7-4D5A-B9F8-304AB12E243C}.Release|Any CPU.ActiveCfg = Release|Any CPU
		{373CE779-16B7-4D5A-B9F8-304AB12E243C}.Release|Any CPU.Build.0 = Release|Any CPU
		{B40CA779-A57D-4C87-88AB-A6E9353623C2}.Debug|Any CPU.ActiveCfg = Debug|Any CPU
		{B40CA779-A57D-4C87-88AB-A6E9353623C2}.Debug|Any CPU.Build.0 = Debug|Any CPU
		{B40CA779-A57D-4C87-88AB-A6E9353623C2}.Release|Any CPU.ActiveCfg = Release|Any CPU
		{B40CA779-A57D-4C87-88AB-A6E9353623C2}.Release|Any CPU.Build.0 = Release|Any CPU
		{CF438728-3B0F-42CA-8B19-834BB048D80A}.Debug|Any CPU.ActiveCfg = Debug|Any CPU
		{CF438728-3B0F-42CA-8B19-834BB048D80A}.Debug|Any CPU.Build.0 = Debug|Any CPU
		{CF438728-3B0F-42CA-8B19-834BB048D80A}.Release|Any CPU.ActiveCfg = Release|Any CPU
		{CF438728-3B0F-42CA-8B19-834BB048D80A}.Release|Any CPU.Build.0 = Release|Any CPU
		{F1201A75-94A2-4AE5-915C-0DD341348504}.Debug|Any CPU.ActiveCfg = Debug|Any CPU
		{F1201A75-94A2-4AE5-915C-0DD341348504}.Debug|Any CPU.Build.0 = Debug|Any CPU
		{F1201A75-94A2-4AE5-915C-0DD341348504}.Release|Any CPU.ActiveCfg = Release|Any CPU
		{F1201A75-94A2-4AE5-915C-0DD341348504}.Release|Any CPU.Build.0 = Release|Any CPU
		{C90F7DA7-F42B-4C8A-A523-291D98132F30}.Debug|Any CPU.ActiveCfg = Debug|Any CPU
		{C90F7DA7-F42B-4C8A-A523-291D98132F30}.Debug|Any CPU.Build.0 = Debug|Any CPU
		{C90F7DA7-F42B-4C8A-A523-291D98132F30}.Release|Any CPU.ActiveCfg = Release|Any CPU
		{C90F7DA7-F42B-4C8A-A523-291D98132F30}.Release|Any CPU.Build.0 = Release|Any CPU
		{429801CC-C615-4A32-85DF-C4D548C3F5A3}.Debug|Any CPU.ActiveCfg = Debug|Any CPU
		{429801CC-C615-4A32-85DF-C4D548C3F5A3}.Debug|Any CPU.Build.0 = Debug|Any CPU
		{429801CC-C615-4A32-85DF-C4D548C3F5A3}.Release|Any CPU.ActiveCfg = Release|Any CPU
		{429801CC-C615-4A32-85DF-C4D548C3F5A3}.Release|Any CPU.Build.0 = Release|Any CPU
		{6152547E-7B8C-4A15-BD10-9F5E4A58B389}.Debug|Any CPU.ActiveCfg = Debug|Any CPU
		{6152547E-7B8C-4A15-BD10-9F5E4A58B389}.Debug|Any CPU.Build.0 = Debug|Any CPU
		{6152547E-7B8C-4A15-BD10-9F5E4A58B389}.Release|Any CPU.ActiveCfg = Release|Any CPU
		{6152547E-7B8C-4A15-BD10-9F5E4A58B389}.Release|Any CPU.Build.0 = Release|Any CPU
		{BCA59E36-15C2-42B0-8C17-CCA813528439}.Debug|Any CPU.ActiveCfg = Debug|Any CPU
		{BCA59E36-15C2-42B0-8C17-CCA813528439}.Debug|Any CPU.Build.0 = Debug|Any CPU
		{BCA59E36-15C2-42B0-8C17-CCA813528439}.Release|Any CPU.ActiveCfg = Release|Any CPU
		{BCA59E36-15C2-42B0-8C17-CCA813528439}.Release|Any CPU.Build.0 = Release|Any CPU
		{B3C18362-5EBD-43B3-8095-E5700CE00106}.Debug|Any CPU.ActiveCfg = Debug|Any CPU
		{B3C18362-5EBD-43B3-8095-E5700CE00106}.Debug|Any CPU.Build.0 = Debug|Any CPU
		{B3C18362-5EBD-43B3-8095-E5700CE00106}.Release|Any CPU.ActiveCfg = Release|Any CPU
		{B3C18362-5EBD-43B3-8095-E5700CE00106}.Release|Any CPU.Build.0 = Release|Any CPU
		{196A95CA-CFAC-4252-B484-9B3ECDE698A0}.Debug|Any CPU.ActiveCfg = Debug|Any CPU
		{196A95CA-CFAC-4252-B484-9B3ECDE698A0}.Debug|Any CPU.Build.0 = Debug|Any CPU
		{196A95CA-CFAC-4252-B484-9B3ECDE698A0}.Release|Any CPU.ActiveCfg = Release|Any CPU
		{196A95CA-CFAC-4252-B484-9B3ECDE698A0}.Release|Any CPU.Build.0 = Release|Any CPU
		{740D14C5-7986-4E3D-9DAF-78359429BA20}.Debug|Any CPU.ActiveCfg = Debug|Any CPU
		{740D14C5-7986-4E3D-9DAF-78359429BA20}.Debug|Any CPU.Build.0 = Debug|Any CPU
		{740D14C5-7986-4E3D-9DAF-78359429BA20}.Release|Any CPU.ActiveCfg = Release|Any CPU
		{740D14C5-7986-4E3D-9DAF-78359429BA20}.Release|Any CPU.Build.0 = Release|Any CPU
		{65E7741E-F5BC-415D-BD62-0C55939A75C5}.Debug|Any CPU.ActiveCfg = Debug|Any CPU
		{65E7741E-F5BC-415D-BD62-0C55939A75C5}.Debug|Any CPU.Build.0 = Debug|Any CPU
		{65E7741E-F5BC-415D-BD62-0C55939A75C5}.Release|Any CPU.ActiveCfg = Release|Any CPU
		{65E7741E-F5BC-415D-BD62-0C55939A75C5}.Release|Any CPU.Build.0 = Release|Any CPU
		{DD9F3848-1B48-4313-BA35-1ED16FBA119E}.Debug|Any CPU.ActiveCfg = Debug|Any CPU
		{DD9F3848-1B48-4313-BA35-1ED16FBA119E}.Debug|Any CPU.Build.0 = Debug|Any CPU
		{DD9F3848-1B48-4313-BA35-1ED16FBA119E}.Release|Any CPU.ActiveCfg = Release|Any CPU
		{DD9F3848-1B48-4313-BA35-1ED16FBA119E}.Release|Any CPU.Build.0 = Release|Any CPU
		{651AE72C-6DD4-4967-A912-666D90854C98}.Debug|Any CPU.ActiveCfg = Debug|Any CPU
		{651AE72C-6DD4-4967-A912-666D90854C98}.Debug|Any CPU.Build.0 = Debug|Any CPU
		{651AE72C-6DD4-4967-A912-666D90854C98}.Release|Any CPU.ActiveCfg = Release|Any CPU
		{651AE72C-6DD4-4967-A912-666D90854C98}.Release|Any CPU.Build.0 = Release|Any CPU
		{1007A0EB-69E9-4CEF-A421-2740B763AF17}.Debug|Any CPU.ActiveCfg = Debug|Any CPU
		{1007A0EB-69E9-4CEF-A421-2740B763AF17}.Debug|Any CPU.Build.0 = Debug|Any CPU
		{1007A0EB-69E9-4CEF-A421-2740B763AF17}.Release|Any CPU.ActiveCfg = Release|Any CPU
		{1007A0EB-69E9-4CEF-A421-2740B763AF17}.Release|Any CPU.Build.0 = Release|Any CPU
		{321CAEE7-BCD7-428A-B107-991740884DBD}.Debug|Any CPU.ActiveCfg = Debug|Any CPU
		{321CAEE7-BCD7-428A-B107-991740884DBD}.Debug|Any CPU.Build.0 = Debug|Any CPU
		{321CAEE7-BCD7-428A-B107-991740884DBD}.Release|Any CPU.ActiveCfg = Release|Any CPU
		{321CAEE7-BCD7-428A-B107-991740884DBD}.Release|Any CPU.Build.0 = Release|Any CPU
		{204B6CBF-24A4-47D8-9BBC-7DE9B7149DA2}.Debug|Any CPU.ActiveCfg = Debug|Any CPU
		{204B6CBF-24A4-47D8-9BBC-7DE9B7149DA2}.Debug|Any CPU.Build.0 = Debug|Any CPU
		{204B6CBF-24A4-47D8-9BBC-7DE9B7149DA2}.Release|Any CPU.ActiveCfg = Release|Any CPU
		{204B6CBF-24A4-47D8-9BBC-7DE9B7149DA2}.Release|Any CPU.Build.0 = Release|Any CPU
		{CC7DB932-47AC-451D-8AAB-D9823CD5BF44}.Debug|Any CPU.ActiveCfg = Debug|Any CPU
		{CC7DB932-47AC-451D-8AAB-D9823CD5BF44}.Debug|Any CPU.Build.0 = Debug|Any CPU
		{CC7DB932-47AC-451D-8AAB-D9823CD5BF44}.Release|Any CPU.ActiveCfg = Release|Any CPU
		{CC7DB932-47AC-451D-8AAB-D9823CD5BF44}.Release|Any CPU.Build.0 = Release|Any CPU
	EndGlobalSection
	GlobalSection(SolutionProperties) = preSolution
		HideSolutionNode = FALSE
	EndGlobalSection
	GlobalSection(NestedProjects) = preSolution
		{F1982113-108A-4301-9A32-5C1A555655F7} = {5B83A7C8-A966-4B1B-BBC7-4DD20A18D346}
		{A0C6C7B9-1C9F-4EAC-8E62-63BB887DE06D} = {5B83A7C8-A966-4B1B-BBC7-4DD20A18D346}
		{12B047A7-19C8-43C5-BF68-DF8551BA17FE} = {5B83A7C8-A966-4B1B-BBC7-4DD20A18D346}
		{C2448F67-3C9C-4B67-BDFA-9303747881AF} = {5B83A7C8-A966-4B1B-BBC7-4DD20A18D346}
		{0A15801A-E2FF-41A7-AEA2-FF09888397FD} = {5B83A7C8-A966-4B1B-BBC7-4DD20A18D346}
		{6C4CC98E-C238-4DC0-B5CB-A8EC552985FC} = {5B83A7C8-A966-4B1B-BBC7-4DD20A18D346}
		{04D34D8B-6693-4AE7-99C8-0CA0BF140458} = {5B83A7C8-A966-4B1B-BBC7-4DD20A18D346}
		{EBDC16B0-D979-4112-9456-ADC3428B04B9} = {5B83A7C8-A966-4B1B-BBC7-4DD20A18D346}
		{E0B07D16-6030-4840-BF0C-5802D232E54C} = {5B83A7C8-A966-4B1B-BBC7-4DD20A18D346}
		{7FCCF7E6-2F69-4306-AB05-A3B4155E461A} = {5B83A7C8-A966-4B1B-BBC7-4DD20A18D346}
		{28C2DAF0-F894-4EF8-BCCA-A83E299BD062} = {5B83A7C8-A966-4B1B-BBC7-4DD20A18D346}
		{6C56681A-2A5C-4846-99C4-2536F7F8F7CF} = {5B83A7C8-A966-4B1B-BBC7-4DD20A18D346}
		{B07F7964-E461-42D9-95B7-5D138A54EC04} = {5B83A7C8-A966-4B1B-BBC7-4DD20A18D346}
		{1B0E797A-441B-46B0-9B0D-A0C56CAD0D23} = {5B83A7C8-A966-4B1B-BBC7-4DD20A18D346}
		{CACAA514-7039-4906-AA2F-0B55C626E9FF} = {5B83A7C8-A966-4B1B-BBC7-4DD20A18D346}
		{5560D1D3-61E3-4315-A4CC-15D5C491C9B4} = {5B83A7C8-A966-4B1B-BBC7-4DD20A18D346}
		{8DFF4452-4D1D-4DEC-9F11-B2429A70A5FB} = {5B83A7C8-A966-4B1B-BBC7-4DD20A18D346}
		{CF8846D8-BAFD-400E-A4BC-C1F3BB7E6604} = {C024D153-2C7A-47E4-BEB0-E87EC1B86200}
		{CA892D29-3153-4E7E-83F3-8C73C38E1C77} = {C024D153-2C7A-47E4-BEB0-E87EC1B86200}
		{7CD9E6A5-55D4-41E5-9A3E-3AABC0591029} = {C024D153-2C7A-47E4-BEB0-E87EC1B86200}
		{03FAA387-6678-40F3-B649-E3958913A3DE} = {C024D153-2C7A-47E4-BEB0-E87EC1B86200}
		{4A289DBA-8FAD-48CF-A167-8AF4E3326803} = {C024D153-2C7A-47E4-BEB0-E87EC1B86200}
		{C914343F-B85E-4418-94C4-FC9EB5929239} = {C024D153-2C7A-47E4-BEB0-E87EC1B86200}
		{53DF8846-EC14-4155-832D-700C7D5B73E5} = {C024D153-2C7A-47E4-BEB0-E87EC1B86200}
		{0587691A-F40A-4CBE-BBEE-759FB8B426F4} = {C024D153-2C7A-47E4-BEB0-E87EC1B86200}
		{AC1CC251-A31B-4A89-B6B8-ECA740848D5A} = {C024D153-2C7A-47E4-BEB0-E87EC1B86200}
		{E007CF45-C814-49B9-AE5F-93E4D553B475} = {C024D153-2C7A-47E4-BEB0-E87EC1B86200}
		{2AAADE60-F6D6-4F1F-A401-686E0593B787} = {C024D153-2C7A-47E4-BEB0-E87EC1B86200}
		{19AF6E64-7062-42DC-B4AB-31B5F4783FDC} = {C024D153-2C7A-47E4-BEB0-E87EC1B86200}
		{F3DA09E1-39C3-42B1-BF65-5EC32CD979E2} = {C024D153-2C7A-47E4-BEB0-E87EC1B86200}
		{9EEF6C90-4348-4D09-AC0A-5D4356CB4F60} = {C024D153-2C7A-47E4-BEB0-E87EC1B86200}
		{67AD86D8-B88E-46D0-A080-1DD9FD4D3C04} = {37410EC0-C004-4354-A8AF-9259528F4564}
		{84AD9D28-B47D-42AC-BCE8-F13E7D2E2A44} = {37410EC0-C004-4354-A8AF-9259528F4564}
		{1CEE7292-00EC-4445-B594-DD590EF249E5} = {37410EC0-C004-4354-A8AF-9259528F4564}
		{EB4C3231-233E-488B-97D3-4E17EAE4DCF2} = {37410EC0-C004-4354-A8AF-9259528F4564}
		{D2C97EC1-37A2-4281-8F84-03B576D12BB5} = {37410EC0-C004-4354-A8AF-9259528F4564}
		{E58BECA9-9B23-4E38-928D-C2924D1D1991} = {37410EC0-C004-4354-A8AF-9259528F4564}
		{604DA418-BDB9-42F4-B6A0-5BAD28B8D7E0} = {37410EC0-C004-4354-A8AF-9259528F4564}
		{66EA81E0-A1F2-4375-8F08-169CD2ABC788} = {37410EC0-C004-4354-A8AF-9259528F4564}
		{CCFD5166-3A1B-4E25-9615-4700F435D213} = {37410EC0-C004-4354-A8AF-9259528F4564}
		{B565A75C-E31C-4B40-B4A8-EFF48B8BF262} = {37410EC0-C004-4354-A8AF-9259528F4564}
		{3EEFB806-F0FB-476A-AFF9-F17ED1A13FC4} = {37410EC0-C004-4354-A8AF-9259528F4564}
		{09B075FB-BDC8-423C-92BB-239F09461E66} = {37410EC0-C004-4354-A8AF-9259528F4564}
		{DF0D8C2C-77D5-4915-A6D8-E27BAE62EE3E} = {37410EC0-C004-4354-A8AF-9259528F4564}
		{8CB6F35E-5332-4093-B7DB-9E441F7A0F96} = {D922289F-C3AD-48C3-86C8-697FA2AF94EB}
		{15071206-29A8-4267-86E8-08526DBFAD93} = {D922289F-C3AD-48C3-86C8-697FA2AF94EB}
		{80273A42-1FEC-4FCD-A100-DD6E4D0A694C} = {D922289F-C3AD-48C3-86C8-697FA2AF94EB}
		{86CB5D38-20CC-4D35-A7FC-4A31B5ABE36F} = {D922289F-C3AD-48C3-86C8-697FA2AF94EB}
		{97522D09-EA33-48FB-925A-1494B0D97075} = {D922289F-C3AD-48C3-86C8-697FA2AF94EB}
		{7DEE4A6B-4857-4C5F-8CEC-B7A34E06145A} = {D922289F-C3AD-48C3-86C8-697FA2AF94EB}
		{E81AD55C-87A1-4301-AF97-4CFFA6F718D2} = {D922289F-C3AD-48C3-86C8-697FA2AF94EB}
		{4CBDF12E-FF53-4136-9580-DFD4F83CCA58} = {D922289F-C3AD-48C3-86C8-697FA2AF94EB}
		{4F3AA19D-EA05-4314-9A82-DCF924532DA9} = {D922289F-C3AD-48C3-86C8-697FA2AF94EB}
		{2349C2E2-22A9-4DB6-A606-EB824029A79C} = {D922289F-C3AD-48C3-86C8-697FA2AF94EB}
		{78AC5893-6042-45EF-94A4-44DB233030EB} = {D922289F-C3AD-48C3-86C8-697FA2AF94EB}
		{373CE779-16B7-4D5A-B9F8-304AB12E243C} = {D922289F-C3AD-48C3-86C8-697FA2AF94EB}
		{B40CA779-A57D-4C87-88AB-A6E9353623C2} = {8B93E6FE-5E96-46AD-B3A0-2B2726538F18}
		{CF438728-3B0F-42CA-8B19-834BB048D80A} = {8B93E6FE-5E96-46AD-B3A0-2B2726538F18}
		{F1201A75-94A2-4AE5-915C-0DD341348504} = {8B93E6FE-5E96-46AD-B3A0-2B2726538F18}
		{C90F7DA7-F42B-4C8A-A523-291D98132F30} = {8B93E6FE-5E96-46AD-B3A0-2B2726538F18}
		{429801CC-C615-4A32-85DF-C4D548C3F5A3} = {8B93E6FE-5E96-46AD-B3A0-2B2726538F18}
		{6152547E-7B8C-4A15-BD10-9F5E4A58B389} = {8B93E6FE-5E96-46AD-B3A0-2B2726538F18}
		{BCA59E36-15C2-42B0-8C17-CCA813528439} = {8B93E6FE-5E96-46AD-B3A0-2B2726538F18}
		{B3C18362-5EBD-43B3-8095-E5700CE00106} = {8B93E6FE-5E96-46AD-B3A0-2B2726538F18}
		{196A95CA-CFAC-4252-B484-9B3ECDE698A0} = {8B93E6FE-5E96-46AD-B3A0-2B2726538F18}
		{740D14C5-7986-4E3D-9DAF-78359429BA20} = {8B93E6FE-5E96-46AD-B3A0-2B2726538F18}
		{65E7741E-F5BC-415D-BD62-0C55939A75C5} = {8B93E6FE-5E96-46AD-B3A0-2B2726538F18}
		{DD9F3848-1B48-4313-BA35-1ED16FBA119E} = {8B93E6FE-5E96-46AD-B3A0-2B2726538F18}
		{651AE72C-6DD4-4967-A912-666D90854C98} = {8B93E6FE-5E96-46AD-B3A0-2B2726538F18}
		{1007A0EB-69E9-4CEF-A421-2740B763AF17} = {8B93E6FE-5E96-46AD-B3A0-2B2726538F18}
		{321CAEE7-BCD7-428A-B107-991740884DBD} = {8B93E6FE-5E96-46AD-B3A0-2B2726538F18}
		{204B6CBF-24A4-47D8-9BBC-7DE9B7149DA2} = {8B93E6FE-5E96-46AD-B3A0-2B2726538F18}
		{CC7DB932-47AC-451D-8AAB-D9823CD5BF44} = {BCCD7DF9-64C0-44E8-B72C-702D58D399A8}
	EndGlobalSection
	GlobalSection(ExtensibilityGlobals) = postSolution
		SolutionGuid = {DD5C2456-73E7-4DB6-8BAC-1D6D268BACC3}
	EndGlobalSection
EndGlobal
